// !$*UTF8*$!
{
	archiveVersion = 1;
	classes = {
	};
	objectVersion = 46;
	objects = {

/* Begin PBXBuildFile section */
		7712EC95182805C40038F8D9 /* MySignUpViewController.m in Sources */ = {isa = PBXBuildFile; fileRef = 7712EC94182805C40038F8D9 /* MySignUpViewController.m */; };
		7712EC9818284E770038F8D9 /* MyLoginViewController.m in Sources */ = {isa = PBXBuildFile; fileRef = 7712EC9718284E770038F8D9 /* MyLoginViewController.m */; };
		771BCD80182023DD000264A8 /* ScannerViewController.m in Sources */ = {isa = PBXBuildFile; fileRef = 771BCD7F182023DD000264A8 /* ScannerViewController.m */; };
		771BCD8418219AAF000264A8 /* AudioToolbox.framework in Frameworks */ = {isa = PBXBuildFile; fileRef = 771BCD8318219AAF000264A8 /* AudioToolbox.framework */; };
		771BCD8618219ACF000264A8 /* CoreLocation.framework in Frameworks */ = {isa = PBXBuildFile; fileRef = 771BCD8518219ACF000264A8 /* CoreLocation.framework */; };
		771BCD8818219AE9000264A8 /* libz.1.1.3.dylib in Frameworks */ = {isa = PBXBuildFile; fileRef = 771BCD8718219AE9000264A8 /* libz.1.1.3.dylib */; };
		771BCD8A18219AF3000264A8 /* MobileCoreServices.framework in Frameworks */ = {isa = PBXBuildFile; fileRef = 771BCD8918219AF3000264A8 /* MobileCoreServices.framework */; };
		771BCD8C18219B01000264A8 /* QuartzCore.framework in Frameworks */ = {isa = PBXBuildFile; fileRef = 771BCD8B18219B01000264A8 /* QuartzCore.framework */; };
		771BCD8E18219B0C000264A8 /* Security.framework in Frameworks */ = {isa = PBXBuildFile; fileRef = 771BCD8D18219B0C000264A8 /* Security.framework */; };
		771BCD9018219B15000264A8 /* StoreKit.framework in Frameworks */ = {isa = PBXBuildFile; fileRef = 771BCD8F18219B15000264A8 /* StoreKit.framework */; };
		771BCD9218219B24000264A8 /* SystemConfiguration.framework in Frameworks */ = {isa = PBXBuildFile; fileRef = 771BCD9118219B24000264A8 /* SystemConfiguration.framework */; };
		771BCD951822D48E000264A8 /* LoginViewController.m in Sources */ = {isa = PBXBuildFile; fileRef = 771BCD941822D48E000264A8 /* LoginViewController.m */; };
		8E00AAC718182E9700BB32E4 /* Foundation.framework in Frameworks */ = {isa = PBXBuildFile; fileRef = 8E00AAC618182E9700BB32E4 /* Foundation.framework */; };
		8E00AAC918182E9700BB32E4 /* CoreGraphics.framework in Frameworks */ = {isa = PBXBuildFile; fileRef = 8E00AAC818182E9700BB32E4 /* CoreGraphics.framework */; };
		8E00AACB18182E9700BB32E4 /* UIKit.framework in Frameworks */ = {isa = PBXBuildFile; fileRef = 8E00AACA18182E9700BB32E4 /* UIKit.framework */; };
		8E00AAD118182E9700BB32E4 /* InfoPlist.strings in Resources */ = {isa = PBXBuildFile; fileRef = 8E00AACF18182E9700BB32E4 /* InfoPlist.strings */; };
		8E00AAD318182E9700BB32E4 /* main.m in Sources */ = {isa = PBXBuildFile; fileRef = 8E00AAD218182E9700BB32E4 /* main.m */; };
		8E00AAD718182E9700BB32E4 /* AppDelegate.m in Sources */ = {isa = PBXBuildFile; fileRef = 8E00AAD618182E9700BB32E4 /* AppDelegate.m */; };
		8E00AADA18182E9700BB32E4 /* Main.storyboard in Resources */ = {isa = PBXBuildFile; fileRef = 8E00AAD818182E9700BB32E4 /* Main.storyboard */; };
		8E00AADF18182E9700BB32E4 /* Images.xcassets in Resources */ = {isa = PBXBuildFile; fileRef = 8E00AADE18182E9700BB32E4 /* Images.xcassets */; };
		8E00AAE618182E9700BB32E4 /* XCTest.framework in Frameworks */ = {isa = PBXBuildFile; fileRef = 8E00AAE518182E9700BB32E4 /* XCTest.framework */; };
		8E00AAE718182E9700BB32E4 /* Foundation.framework in Frameworks */ = {isa = PBXBuildFile; fileRef = 8E00AAC618182E9700BB32E4 /* Foundation.framework */; };
		8E00AAE818182E9700BB32E4 /* UIKit.framework in Frameworks */ = {isa = PBXBuildFile; fileRef = 8E00AACA18182E9700BB32E4 /* UIKit.framework */; };
		8E00AAF018182E9700BB32E4 /* InfoPlist.strings in Resources */ = {isa = PBXBuildFile; fileRef = 8E00AAEE18182E9700BB32E4 /* InfoPlist.strings */; };
		8E00AAF218182E9700BB32E4 /* GuiltTests.m in Sources */ = {isa = PBXBuildFile; fileRef = 8E00AAF118182E9700BB32E4 /* GuiltTests.m */; };
		8EAE7B73182006A7001BDC08 /* ConversionViewController.m in Sources */ = {isa = PBXBuildFile; fileRef = 8EAE7B72182006A7001BDC08 /* ConversionViewController.m */; };
		8EB17BF618201238000DDFCC /* Vintage_fair.ttf in Resources */ = {isa = PBXBuildFile; fileRef = 8EAE7B74182006E6001BDC08 /* Vintage_fair.ttf */; };
		8EB17BF918201F00000DDFCC /* ImagesViewController.m in Sources */ = {isa = PBXBuildFile; fileRef = 8EB17BF818201F00000DDFCC /* ImagesViewController.m */; };
		8EB17C001820205C000DDFCC /* africanWellFund.jpg in Resources */ = {isa = PBXBuildFile; fileRef = 8EB17BFB1820205C000DDFCC /* africanWellFund.jpg */; };
		8EB17C011820205C000DDFCC /* feedTheChildren2.jpg in Resources */ = {isa = PBXBuildFile; fileRef = 8EB17BFC1820205C000DDFCC /* feedTheChildren2.jpg */; };
		8EB17C021820205C000DDFCC /* soldiers.jpg in Resources */ = {isa = PBXBuildFile; fileRef = 8EB17BFD1820205C000DDFCC /* soldiers.jpg */; };
		8EB17C031820205C000DDFCC /* TheAnimalRescueSite.jpg in Resources */ = {isa = PBXBuildFile; fileRef = 8EB17BFE1820205C000DDFCC /* TheAnimalRescueSite.jpg */; };
		8EB17C041820205C000DDFCC /* Unicef.jpeg in Resources */ = {isa = PBXBuildFile; fileRef = 8EB17BFF1820205C000DDFCC /* Unicef.jpeg */; };
		8EB17C1318217A85000DDFCC /* CharityAndProductDisplayCell.m in Sources */ = {isa = PBXBuildFile; fileRef = 8EB17C1218217A85000DDFCC /* CharityAndProductDisplayCell.m */; };
		8EB17C161821977C000DDFCC /* ProductDisplayCell.m in Sources */ = {isa = PBXBuildFile; fileRef = 8EB17C151821977C000DDFCC /* ProductDisplayCell.m */; };
		8EB17C1918246ECF000DDFCC /* Parse.framework in Frameworks */ = {isa = PBXBuildFile; fileRef = 8EB17C1818246ECF000DDFCC /* Parse.framework */; };
/* End PBXBuildFile section */

/* Begin PBXContainerItemProxy section */
		8E00AAE918182E9700BB32E4 /* PBXContainerItemProxy */ = {
			isa = PBXContainerItemProxy;
			containerPortal = 8E00AABB18182E9700BB32E4 /* Project object */;
			proxyType = 1;
			remoteGlobalIDString = 8E00AAC218182E9700BB32E4;
			remoteInfo = Guilt;
		};
/* End PBXContainerItemProxy section */

/* Begin PBXFileReference section */
		7712EC93182805C40038F8D9 /* MySignUpViewController.h */ = {isa = PBXFileReference; fileEncoding = 4; lastKnownFileType = sourcecode.c.h; path = MySignUpViewController.h; sourceTree = SOURCE_ROOT; };
		7712EC94182805C40038F8D9 /* MySignUpViewController.m */ = {isa = PBXFileReference; fileEncoding = 4; lastKnownFileType = sourcecode.c.objc; path = MySignUpViewController.m; sourceTree = SOURCE_ROOT; };
		7712EC9618284E770038F8D9 /* MyLoginViewController.h */ = {isa = PBXFileReference; fileEncoding = 4; lastKnownFileType = sourcecode.c.h; path = MyLoginViewController.h; sourceTree = "<group>"; };
		7712EC9718284E770038F8D9 /* MyLoginViewController.m */ = {isa = PBXFileReference; fileEncoding = 4; lastKnownFileType = sourcecode.c.objc; path = MyLoginViewController.m; sourceTree = "<group>"; };
		771BCD7E182023DD000264A8 /* ScannerViewController.h */ = {isa = PBXFileReference; fileEncoding = 4; lastKnownFileType = sourcecode.c.h; path = ScannerViewController.h; sourceTree = "<group>"; };
		771BCD7F182023DD000264A8 /* ScannerViewController.m */ = {isa = PBXFileReference; fileEncoding = 4; lastKnownFileType = sourcecode.c.objc; path = ScannerViewController.m; sourceTree = "<group>"; };
		771BCD8318219AAF000264A8 /* AudioToolbox.framework */ = {isa = PBXFileReference; lastKnownFileType = wrapper.framework; name = AudioToolbox.framework; path = System/Library/Frameworks/AudioToolbox.framework; sourceTree = SDKROOT; };
		771BCD8518219ACF000264A8 /* CoreLocation.framework */ = {isa = PBXFileReference; lastKnownFileType = wrapper.framework; name = CoreLocation.framework; path = System/Library/Frameworks/CoreLocation.framework; sourceTree = SDKROOT; };
		771BCD8718219AE9000264A8 /* libz.1.1.3.dylib */ = {isa = PBXFileReference; lastKnownFileType = "compiled.mach-o.dylib"; name = libz.1.1.3.dylib; path = usr/lib/libz.1.1.3.dylib; sourceTree = SDKROOT; };
		771BCD8918219AF3000264A8 /* MobileCoreServices.framework */ = {isa = PBXFileReference; lastKnownFileType = wrapper.framework; name = MobileCoreServices.framework; path = System/Library/Frameworks/MobileCoreServices.framework; sourceTree = SDKROOT; };
		771BCD8B18219B01000264A8 /* QuartzCore.framework */ = {isa = PBXFileReference; lastKnownFileType = wrapper.framework; name = QuartzCore.framework; path = System/Library/Frameworks/QuartzCore.framework; sourceTree = SDKROOT; };
		771BCD8D18219B0C000264A8 /* Security.framework */ = {isa = PBXFileReference; lastKnownFileType = wrapper.framework; name = Security.framework; path = System/Library/Frameworks/Security.framework; sourceTree = SDKROOT; };
		771BCD8F18219B15000264A8 /* StoreKit.framework */ = {isa = PBXFileReference; lastKnownFileType = wrapper.framework; name = StoreKit.framework; path = System/Library/Frameworks/StoreKit.framework; sourceTree = SDKROOT; };
		771BCD9118219B24000264A8 /* SystemConfiguration.framework */ = {isa = PBXFileReference; lastKnownFileType = wrapper.framework; name = SystemConfiguration.framework; path = System/Library/Frameworks/SystemConfiguration.framework; sourceTree = SDKROOT; };
		771BCD931822D48E000264A8 /* LoginViewController.h */ = {isa = PBXFileReference; fileEncoding = 4; lastKnownFileType = sourcecode.c.h; path = LoginViewController.h; sourceTree = "<group>"; };
		771BCD941822D48E000264A8 /* LoginViewController.m */ = {isa = PBXFileReference; fileEncoding = 4; lastKnownFileType = sourcecode.c.objc; path = LoginViewController.m; sourceTree = "<group>"; };
		8E00AAC318182E9700BB32E4 /* Guilt.app */ = {isa = PBXFileReference; explicitFileType = wrapper.application; includeInIndex = 0; path = Guilt.app; sourceTree = BUILT_PRODUCTS_DIR; };
		8E00AAC618182E9700BB32E4 /* Foundation.framework */ = {isa = PBXFileReference; lastKnownFileType = wrapper.framework; name = Foundation.framework; path = System/Library/Frameworks/Foundation.framework; sourceTree = SDKROOT; };
		8E00AAC818182E9700BB32E4 /* CoreGraphics.framework */ = {isa = PBXFileReference; lastKnownFileType = wrapper.framework; name = CoreGraphics.framework; path = System/Library/Frameworks/CoreGraphics.framework; sourceTree = SDKROOT; };
		8E00AACA18182E9700BB32E4 /* UIKit.framework */ = {isa = PBXFileReference; lastKnownFileType = wrapper.framework; name = UIKit.framework; path = System/Library/Frameworks/UIKit.framework; sourceTree = SDKROOT; };
		8E00AACE18182E9700BB32E4 /* Guilt-Info.plist */ = {isa = PBXFileReference; lastKnownFileType = text.plist.xml; path = "Guilt-Info.plist"; sourceTree = "<group>"; };
		8E00AAD018182E9700BB32E4 /* en */ = {isa = PBXFileReference; lastKnownFileType = text.plist.strings; name = en; path = en.lproj/InfoPlist.strings; sourceTree = "<group>"; };
		8E00AAD218182E9700BB32E4 /* main.m */ = {isa = PBXFileReference; lastKnownFileType = sourcecode.c.objc; path = main.m; sourceTree = "<group>"; };
		8E00AAD418182E9700BB32E4 /* Guilt-Prefix.pch */ = {isa = PBXFileReference; lastKnownFileType = sourcecode.c.h; path = "Guilt-Prefix.pch"; sourceTree = "<group>"; };
		8E00AAD518182E9700BB32E4 /* AppDelegate.h */ = {isa = PBXFileReference; lastKnownFileType = sourcecode.c.h; path = AppDelegate.h; sourceTree = "<group>"; };
		8E00AAD618182E9700BB32E4 /* AppDelegate.m */ = {isa = PBXFileReference; lastKnownFileType = sourcecode.c.objc; path = AppDelegate.m; sourceTree = "<group>"; };
		8E00AAD918182E9700BB32E4 /* Base */ = {isa = PBXFileReference; lastKnownFileType = file.storyboard; name = Base; path = Base.lproj/Main.storyboard; sourceTree = "<group>"; };
		8E00AADE18182E9700BB32E4 /* Images.xcassets */ = {isa = PBXFileReference; lastKnownFileType = folder.assetcatalog; path = Images.xcassets; sourceTree = "<group>"; };
		8E00AAE418182E9700BB32E4 /* GuiltTests.xctest */ = {isa = PBXFileReference; explicitFileType = wrapper.cfbundle; includeInIndex = 0; path = GuiltTests.xctest; sourceTree = BUILT_PRODUCTS_DIR; };
		8E00AAE518182E9700BB32E4 /* XCTest.framework */ = {isa = PBXFileReference; lastKnownFileType = wrapper.framework; name = XCTest.framework; path = Library/Frameworks/XCTest.framework; sourceTree = DEVELOPER_DIR; };
		8E00AAED18182E9700BB32E4 /* GuiltTests-Info.plist */ = {isa = PBXFileReference; lastKnownFileType = text.plist.xml; path = "GuiltTests-Info.plist"; sourceTree = "<group>"; };
		8E00AAEF18182E9700BB32E4 /* en */ = {isa = PBXFileReference; lastKnownFileType = text.plist.strings; name = en; path = en.lproj/InfoPlist.strings; sourceTree = "<group>"; };
		8E00AAF118182E9700BB32E4 /* GuiltTests.m */ = {isa = PBXFileReference; lastKnownFileType = sourcecode.c.objc; path = GuiltTests.m; sourceTree = "<group>"; };
		8EAE7B71182006A7001BDC08 /* ConversionViewController.h */ = {isa = PBXFileReference; fileEncoding = 4; lastKnownFileType = sourcecode.c.h; path = ConversionViewController.h; sourceTree = "<group>"; };
		8EAE7B72182006A7001BDC08 /* ConversionViewController.m */ = {isa = PBXFileReference; fileEncoding = 4; lastKnownFileType = sourcecode.c.objc; path = ConversionViewController.m; sourceTree = "<group>"; };
		8EAE7B74182006E6001BDC08 /* Vintage_fair.ttf */ = {isa = PBXFileReference; lastKnownFileType = file; path = Vintage_fair.ttf; sourceTree = "<group>"; };
		8EB17BF718201F00000DDFCC /* ImagesViewController.h */ = {isa = PBXFileReference; fileEncoding = 4; lastKnownFileType = sourcecode.c.h; path = ImagesViewController.h; sourceTree = "<group>"; };
		8EB17BF818201F00000DDFCC /* ImagesViewController.m */ = {isa = PBXFileReference; fileEncoding = 4; lastKnownFileType = sourcecode.c.objc; path = ImagesViewController.m; sourceTree = "<group>"; };
		8EB17BFB1820205C000DDFCC /* africanWellFund.jpg */ = {isa = PBXFileReference; lastKnownFileType = image.jpeg; path = africanWellFund.jpg; sourceTree = "<group>"; };
		8EB17BFC1820205C000DDFCC /* feedTheChildren2.jpg */ = {isa = PBXFileReference; lastKnownFileType = image.jpeg; path = feedTheChildren2.jpg; sourceTree = "<group>"; };
		8EB17BFD1820205C000DDFCC /* soldiers.jpg */ = {isa = PBXFileReference; lastKnownFileType = image.jpeg; path = soldiers.jpg; sourceTree = "<group>"; };
		8EB17BFE1820205C000DDFCC /* TheAnimalRescueSite.jpg */ = {isa = PBXFileReference; lastKnownFileType = image.jpeg; path = TheAnimalRescueSite.jpg; sourceTree = "<group>"; };
		8EB17BFF1820205C000DDFCC /* Unicef.jpeg */ = {isa = PBXFileReference; lastKnownFileType = image.jpeg; path = Unicef.jpeg; sourceTree = "<group>"; };
		8EB17C1118217A85000DDFCC /* CharityAndProductDisplayCell.h */ = {isa = PBXFileReference; fileEncoding = 4; lastKnownFileType = sourcecode.c.h; name = CharityAndProductDisplayCell.h; path = ../CharityAndProductDisplayCell.h; sourceTree = "<group>"; };
		8EB17C1218217A85000DDFCC /* CharityAndProductDisplayCell.m */ = {isa = PBXFileReference; fileEncoding = 4; lastKnownFileType = sourcecode.c.objc; name = CharityAndProductDisplayCell.m; path = ../CharityAndProductDisplayCell.m; sourceTree = "<group>"; };
		8EB17C141821977C000DDFCC /* ProductDisplayCell.h */ = {isa = PBXFileReference; fileEncoding = 4; lastKnownFileType = sourcecode.c.h; name = ProductDisplayCell.h; path = ../ProductDisplayCell.h; sourceTree = "<group>"; };
		8EB17C151821977C000DDFCC /* ProductDisplayCell.m */ = {isa = PBXFileReference; fileEncoding = 4; lastKnownFileType = sourcecode.c.objc; name = ProductDisplayCell.m; path = ../ProductDisplayCell.m; sourceTree = "<group>"; };
		8EB17C171822E162000DDFCC /* ScannerDidNotWorkDelegate.h */ = {isa = PBXFileReference; lastKnownFileType = sourcecode.c.h; path = ScannerDidNotWorkDelegate.h; sourceTree = "<group>"; };
		8EB17C1818246ECF000DDFCC /* Parse.framework */ = {isa = PBXFileReference; lastKnownFileType = wrapper.framework; path = Parse.framework; sourceTree = "<group>"; };
/* End PBXFileReference section */

/* Begin PBXFrameworksBuildPhase section */
		8E00AAC018182E9700BB32E4 /* Frameworks */ = {
			isa = PBXFrameworksBuildPhase;
			buildActionMask = 2147483647;
			files = (
				771BCD9218219B24000264A8 /* SystemConfiguration.framework in Frameworks */,
				771BCD9018219B15000264A8 /* StoreKit.framework in Frameworks */,
				771BCD8E18219B0C000264A8 /* Security.framework in Frameworks */,
				771BCD8C18219B01000264A8 /* QuartzCore.framework in Frameworks */,
				771BCD8A18219AF3000264A8 /* MobileCoreServices.framework in Frameworks */,
				771BCD8818219AE9000264A8 /* libz.1.1.3.dylib in Frameworks */,
				771BCD8618219ACF000264A8 /* CoreLocation.framework in Frameworks */,
				8E00AAC918182E9700BB32E4 /* CoreGraphics.framework in Frameworks */,
				771BCD8418219AAF000264A8 /* AudioToolbox.framework in Frameworks */,
				8E00AACB18182E9700BB32E4 /* UIKit.framework in Frameworks */,
				8EB17C1918246ECF000DDFCC /* Parse.framework in Frameworks */,
				8E00AAC718182E9700BB32E4 /* Foundation.framework in Frameworks */,
			);
			runOnlyForDeploymentPostprocessing = 0;
		};
		8E00AAE118182E9700BB32E4 /* Frameworks */ = {
			isa = PBXFrameworksBuildPhase;
			buildActionMask = 2147483647;
			files = (
				8E00AAE618182E9700BB32E4 /* XCTest.framework in Frameworks */,
				8E00AAE818182E9700BB32E4 /* UIKit.framework in Frameworks */,
				8E00AAE718182E9700BB32E4 /* Foundation.framework in Frameworks */,
			);
			runOnlyForDeploymentPostprocessing = 0;
		};
/* End PBXFrameworksBuildPhase section */

/* Begin PBXGroup section */
		8E00AABA18182E9700BB32E4 = {
			isa = PBXGroup;
			children = (
				8E00AACC18182E9700BB32E4 /* Guilt */,
				8E00AAEB18182E9700BB32E4 /* GuiltTests */,
				8E00AAC518182E9700BB32E4 /* Frameworks */,
				8E00AAC418182E9700BB32E4 /* Products */,
			);
			sourceTree = "<group>";
		};
		8E00AAC418182E9700BB32E4 /* Products */ = {
			isa = PBXGroup;
			children = (
				8E00AAC318182E9700BB32E4 /* Guilt.app */,
				8E00AAE418182E9700BB32E4 /* GuiltTests.xctest */,
			);
			name = Products;
			sourceTree = "<group>";
		};
		8E00AAC518182E9700BB32E4 /* Frameworks */ = {
			isa = PBXGroup;
			children = (
				8EB17C1818246ECF000DDFCC /* Parse.framework */,
				771BCD9118219B24000264A8 /* SystemConfiguration.framework */,
				771BCD8F18219B15000264A8 /* StoreKit.framework */,
				771BCD8D18219B0C000264A8 /* Security.framework */,
				771BCD8B18219B01000264A8 /* QuartzCore.framework */,
				771BCD8918219AF3000264A8 /* MobileCoreServices.framework */,
				771BCD8718219AE9000264A8 /* libz.1.1.3.dylib */,
				771BCD8518219ACF000264A8 /* CoreLocation.framework */,
				771BCD8318219AAF000264A8 /* AudioToolbox.framework */,
				8E00AAC618182E9700BB32E4 /* Foundation.framework */,
				8E00AAC818182E9700BB32E4 /* CoreGraphics.framework */,
				8E00AACA18182E9700BB32E4 /* UIKit.framework */,
				8E00AAE518182E9700BB32E4 /* XCTest.framework */,
			);
			name = Frameworks;
			sourceTree = "<group>";
		};
		8E00AACC18182E9700BB32E4 /* Guilt */ = {
			isa = PBXGroup;
			children = (
				8EB17C1A1824727D000DDFCC /* Views */,
				8E00AAD518182E9700BB32E4 /* AppDelegate.h */,
				8E00AAD618182E9700BB32E4 /* AppDelegate.m */,
				771BCD7E182023DD000264A8 /* ScannerViewController.h */,
				771BCD7F182023DD000264A8 /* ScannerViewController.m */,
				8EB17C171822E162000DDFCC /* ScannerDidNotWorkDelegate.h */,
				771BCD931822D48E000264A8 /* LoginViewController.h */,
				771BCD941822D48E000264A8 /* LoginViewController.m */,
				7712EC9618284E770038F8D9 /* MyLoginViewController.h */,
				7712EC9718284E770038F8D9 /* MyLoginViewController.m */,
				8E00AAD818182E9700BB32E4 /* Main.storyboard */,
				8EB17BF718201F00000DDFCC /* ImagesViewController.h */,
				8EB17BF818201F00000DDFCC /* ImagesViewController.m */,
				8EAE7B71182006A7001BDC08 /* ConversionViewController.h */,
				8EAE7B72182006A7001BDC08 /* ConversionViewController.m */,
				8E00AADE18182E9700BB32E4 /* Images.xcassets */,
				8E00AACD18182E9700BB32E4 /* Supporting Files */,
			);
			path = Guilt;
			sourceTree = "<group>";
		};
		8E00AACD18182E9700BB32E4 /* Supporting Files */ = {
			isa = PBXGroup;
			children = (
				8EB17BFA1820205C000DDFCC /* testImages */,
				8EAE7B74182006E6001BDC08 /* Vintage_fair.ttf */,
				8E00AACE18182E9700BB32E4 /* Guilt-Info.plist */,
				8E00AACF18182E9700BB32E4 /* InfoPlist.strings */,
				8E00AAD218182E9700BB32E4 /* main.m */,
				8E00AAD418182E9700BB32E4 /* Guilt-Prefix.pch */,
			);
			name = "Supporting Files";
			sourceTree = "<group>";
		};
		8E00AAEB18182E9700BB32E4 /* GuiltTests */ = {
			isa = PBXGroup;
			children = (
				8E00AAF118182E9700BB32E4 /* GuiltTests.m */,
				8E00AAEC18182E9700BB32E4 /* Supporting Files */,
			);
			path = GuiltTests;
			sourceTree = "<group>";
		};
		8E00AAEC18182E9700BB32E4 /* Supporting Files */ = {
			isa = PBXGroup;
			children = (
				8E00AAED18182E9700BB32E4 /* GuiltTests-Info.plist */,
				8E00AAEE18182E9700BB32E4 /* InfoPlist.strings */,
			);
			name = "Supporting Files";
			sourceTree = "<group>";
		};
		8EB17BFA1820205C000DDFCC /* testImages */ = {
			isa = PBXGroup;
			children = (
				8EB17BFB1820205C000DDFCC /* africanWellFund.jpg */,
				8EB17BFC1820205C000DDFCC /* feedTheChildren2.jpg */,
				8EB17BFD1820205C000DDFCC /* soldiers.jpg */,
				8EB17BFE1820205C000DDFCC /* TheAnimalRescueSite.jpg */,
				8EB17BFF1820205C000DDFCC /* Unicef.jpeg */,
			);
			path = testImages;
			sourceTree = "<group>";
		};
		8EB17C1A1824727D000DDFCC /* Views */ = {
			isa = PBXGroup;
			children = (
				8EB17C1118217A85000DDFCC /* CharityAndProductDisplayCell.h */,
				8EB17C1218217A85000DDFCC /* CharityAndProductDisplayCell.m */,
				8EB17C141821977C000DDFCC /* ProductDisplayCell.h */,
				8EB17C151821977C000DDFCC /* ProductDisplayCell.m */,
				7712EC93182805C40038F8D9 /* MySignUpViewController.h */,
				7712EC94182805C40038F8D9 /* MySignUpViewController.m */,
			);
			path = Views;
			sourceTree = "<group>";
		};
/* End PBXGroup section */

/* Begin PBXNativeTarget section */
		8E00AAC218182E9700BB32E4 /* Guilt */ = {
			isa = PBXNativeTarget;
			buildConfigurationList = 8E00AAF518182E9700BB32E4 /* Build configuration list for PBXNativeTarget "Guilt" */;
			buildPhases = (
				8E00AABF18182E9700BB32E4 /* Sources */,
				8E00AAC018182E9700BB32E4 /* Frameworks */,
				8E00AAC118182E9700BB32E4 /* Resources */,
			);
			buildRules = (
			);
			dependencies = (
			);
			name = Guilt;
			productName = Guilt;
			productReference = 8E00AAC318182E9700BB32E4 /* Guilt.app */;
			productType = "com.apple.product-type.application";
		};
		8E00AAE318182E9700BB32E4 /* GuiltTests */ = {
			isa = PBXNativeTarget;
			buildConfigurationList = 8E00AAF818182E9700BB32E4 /* Build configuration list for PBXNativeTarget "GuiltTests" */;
			buildPhases = (
				8E00AAE018182E9700BB32E4 /* Sources */,
				8E00AAE118182E9700BB32E4 /* Frameworks */,
				8E00AAE218182E9700BB32E4 /* Resources */,
			);
			buildRules = (
			);
			dependencies = (
				8E00AAEA18182E9700BB32E4 /* PBXTargetDependency */,
			);
			name = GuiltTests;
			productName = GuiltTests;
			productReference = 8E00AAE418182E9700BB32E4 /* GuiltTests.xctest */;
			productType = "com.apple.product-type.bundle.unit-test";
		};
/* End PBXNativeTarget section */

/* Begin PBXProject section */
		8E00AABB18182E9700BB32E4 /* Project object */ = {
			isa = PBXProject;
			attributes = {
				LastUpgradeCheck = 0500;
				ORGANIZATIONNAME = "John Andrews";
				TargetAttributes = {
					8E00AAC218182E9700BB32E4 = {
						DevelopmentTeam = AXXSAL8636;
					};
					8E00AAE318182E9700BB32E4 = {
						TestTargetID = 8E00AAC218182E9700BB32E4;
					};
				};
			};
			buildConfigurationList = 8E00AABE18182E9700BB32E4 /* Build configuration list for PBXProject "Guilt" */;
			compatibilityVersion = "Xcode 3.2";
			developmentRegion = English;
			hasScannedForEncodings = 0;
			knownRegions = (
				en,
				Base,
			);
			mainGroup = 8E00AABA18182E9700BB32E4;
			productRefGroup = 8E00AAC418182E9700BB32E4 /* Products */;
			projectDirPath = "";
			projectRoot = "";
			targets = (
				8E00AAC218182E9700BB32E4 /* Guilt */,
				8E00AAE318182E9700BB32E4 /* GuiltTests */,
			);
		};
/* End PBXProject section */

/* Begin PBXResourcesBuildPhase section */
		8E00AAC118182E9700BB32E4 /* Resources */ = {
			isa = PBXResourcesBuildPhase;
			buildActionMask = 2147483647;
			files = (
				8E00AADF18182E9700BB32E4 /* Images.xcassets in Resources */,
				8EB17C011820205C000DDFCC /* feedTheChildren2.jpg in Resources */,
				8E00AAD118182E9700BB32E4 /* InfoPlist.strings in Resources */,
				8EB17C021820205C000DDFCC /* soldiers.jpg in Resources */,
				8EB17C001820205C000DDFCC /* africanWellFund.jpg in Resources */,
				8EB17C031820205C000DDFCC /* TheAnimalRescueSite.jpg in Resources */,
				8EB17C041820205C000DDFCC /* Unicef.jpeg in Resources */,
				8E00AADA18182E9700BB32E4 /* Main.storyboard in Resources */,
				8EB17BF618201238000DDFCC /* Vintage_fair.ttf in Resources */,
			);
			runOnlyForDeploymentPostprocessing = 0;
		};
		8E00AAE218182E9700BB32E4 /* Resources */ = {
			isa = PBXResourcesBuildPhase;
			buildActionMask = 2147483647;
			files = (
				8E00AAF018182E9700BB32E4 /* InfoPlist.strings in Resources */,
			);
			runOnlyForDeploymentPostprocessing = 0;
		};
/* End PBXResourcesBuildPhase section */

/* Begin PBXSourcesBuildPhase section */
		8E00AABF18182E9700BB32E4 /* Sources */ = {
			isa = PBXSourcesBuildPhase;
			buildActionMask = 2147483647;
			files = (
				7712EC9818284E770038F8D9 /* MyLoginViewController.m in Sources */,
				8E00AAD718182E9700BB32E4 /* AppDelegate.m in Sources */,
				8EAE7B73182006A7001BDC08 /* ConversionViewController.m in Sources */,
				8EB17C161821977C000DDFCC /* ProductDisplayCell.m in Sources */,
				7712EC95182805C40038F8D9 /* MySignUpViewController.m in Sources */,
				8EB17BF918201F00000DDFCC /* ImagesViewController.m in Sources */,
				8E00AAD318182E9700BB32E4 /* main.m in Sources */,
				771BCD951822D48E000264A8 /* LoginViewController.m in Sources */,
				771BCD80182023DD000264A8 /* ScannerViewController.m in Sources */,
				8EB17C1318217A85000DDFCC /* CharityAndProductDisplayCell.m in Sources */,
			);
			runOnlyForDeploymentPostprocessing = 0;
		};
		8E00AAE018182E9700BB32E4 /* Sources */ = {
			isa = PBXSourcesBuildPhase;
			buildActionMask = 2147483647;
			files = (
				8E00AAF218182E9700BB32E4 /* GuiltTests.m in Sources */,
			);
			runOnlyForDeploymentPostprocessing = 0;
		};
/* End PBXSourcesBuildPhase section */

/* Begin PBXTargetDependency section */
		8E00AAEA18182E9700BB32E4 /* PBXTargetDependency */ = {
			isa = PBXTargetDependency;
			target = 8E00AAC218182E9700BB32E4 /* Guilt */;
			targetProxy = 8E00AAE918182E9700BB32E4 /* PBXContainerItemProxy */;
		};
/* End PBXTargetDependency section */

/* Begin PBXVariantGroup section */
		8E00AACF18182E9700BB32E4 /* InfoPlist.strings */ = {
			isa = PBXVariantGroup;
			children = (
				8E00AAD018182E9700BB32E4 /* en */,
			);
			name = InfoPlist.strings;
			sourceTree = "<group>";
		};
		8E00AAD818182E9700BB32E4 /* Main.storyboard */ = {
			isa = PBXVariantGroup;
			children = (
				8E00AAD918182E9700BB32E4 /* Base */,
			);
			name = Main.storyboard;
			sourceTree = "<group>";
		};
		8E00AAEE18182E9700BB32E4 /* InfoPlist.strings */ = {
			isa = PBXVariantGroup;
			children = (
				8E00AAEF18182E9700BB32E4 /* en */,
			);
			name = InfoPlist.strings;
			sourceTree = "<group>";
		};
/* End PBXVariantGroup section */

/* Begin XCBuildConfiguration section */
		8E00AAF318182E9700BB32E4 /* Debug */ = {
			isa = XCBuildConfiguration;
			buildSettings = {
				ALWAYS_SEARCH_USER_PATHS = NO;
				ARCHS = "$(ARCHS_STANDARD_INCLUDING_64_BIT)";
				CLANG_CXX_LANGUAGE_STANDARD = "gnu++0x";
				CLANG_CXX_LIBRARY = "libc++";
				CLANG_ENABLE_MODULES = YES;
				CLANG_ENABLE_OBJC_ARC = YES;
				CLANG_WARN_BOOL_CONVERSION = YES;
				CLANG_WARN_CONSTANT_CONVERSION = YES;
				CLANG_WARN_DIRECT_OBJC_ISA_USAGE = YES_ERROR;
				CLANG_WARN_EMPTY_BODY = YES;
				CLANG_WARN_ENUM_CONVERSION = YES;
				CLANG_WARN_INT_CONVERSION = YES;
				CLANG_WARN_OBJC_ROOT_CLASS = YES_ERROR;
				CLANG_WARN__DUPLICATE_METHOD_MATCH = YES;
				"CODE_SIGN_IDENTITY[sdk=iphoneos*]" = "iPhone Developer";
				COPY_PHASE_STRIP = NO;
				GCC_C_LANGUAGE_STANDARD = gnu99;
				GCC_DYNAMIC_NO_PIC = NO;
				GCC_OPTIMIZATION_LEVEL = 0;
				GCC_PREPROCESSOR_DEFINITIONS = (
					"DEBUG=1",
					"$(inherited)",
				);
				GCC_SYMBOLS_PRIVATE_EXTERN = NO;
				GCC_WARN_64_TO_32_BIT_CONVERSION = YES;
				GCC_WARN_ABOUT_RETURN_TYPE = YES_ERROR;
				GCC_WARN_UNDECLARED_SELECTOR = YES;
				GCC_WARN_UNINITIALIZED_AUTOS = YES;
				GCC_WARN_UNUSED_FUNCTION = YES;
				GCC_WARN_UNUSED_VARIABLE = YES;
				IPHONEOS_DEPLOYMENT_TARGET = 7.0;
				ONLY_ACTIVE_ARCH = YES;
				SDKROOT = iphoneos;
			};
			name = Debug;
		};
		8E00AAF418182E9700BB32E4 /* Release */ = {
			isa = XCBuildConfiguration;
			buildSettings = {
				ALWAYS_SEARCH_USER_PATHS = NO;
				ARCHS = "$(ARCHS_STANDARD_INCLUDING_64_BIT)";
				CLANG_CXX_LANGUAGE_STANDARD = "gnu++0x";
				CLANG_CXX_LIBRARY = "libc++";
				CLANG_ENABLE_MODULES = YES;
				CLANG_ENABLE_OBJC_ARC = YES;
				CLANG_WARN_BOOL_CONVERSION = YES;
				CLANG_WARN_CONSTANT_CONVERSION = YES;
				CLANG_WARN_DIRECT_OBJC_ISA_USAGE = YES_ERROR;
				CLANG_WARN_EMPTY_BODY = YES;
				CLANG_WARN_ENUM_CONVERSION = YES;
				CLANG_WARN_INT_CONVERSION = YES;
				CLANG_WARN_OBJC_ROOT_CLASS = YES_ERROR;
				CLANG_WARN__DUPLICATE_METHOD_MATCH = YES;
				"CODE_SIGN_IDENTITY[sdk=iphoneos*]" = "iPhone Developer";
				COPY_PHASE_STRIP = YES;
				ENABLE_NS_ASSERTIONS = NO;
				GCC_C_LANGUAGE_STANDARD = gnu99;
				GCC_WARN_64_TO_32_BIT_CONVERSION = YES;
				GCC_WARN_ABOUT_RETURN_TYPE = YES_ERROR;
				GCC_WARN_UNDECLARED_SELECTOR = YES;
				GCC_WARN_UNINITIALIZED_AUTOS = YES;
				GCC_WARN_UNUSED_FUNCTION = YES;
				GCC_WARN_UNUSED_VARIABLE = YES;
				IPHONEOS_DEPLOYMENT_TARGET = 7.0;
				SDKROOT = iphoneos;
				VALIDATE_PRODUCT = YES;
			};
			name = Release;
		};
		8E00AAF618182E9700BB32E4 /* Debug */ = {
			isa = XCBuildConfiguration;
			buildSettings = {
				ASSETCATALOG_COMPILER_APPICON_NAME = AppIcon;
				ASSETCATALOG_COMPILER_LAUNCHIMAGE_NAME = LaunchImage;
				CODE_SIGN_IDENTITY = "iPhone Developer";
				"CODE_SIGN_IDENTITY[sdk=iphoneos*]" = "iPhone Developer";
				FRAMEWORK_SEARCH_PATHS = (
					"$(inherited)",
					/Users/useragent86/Guilt,
					/Users/johnandrews/Desktop/MobileMakers/6th_Week/Guilt,
				);
				GCC_PRECOMPILE_PREFIX_HEADER = YES;
				GCC_PREFIX_HEADER = "Guilt/Guilt-Prefix.pch";
				INFOPLIST_FILE = "Guilt/Guilt-Info.plist";
				PRODUCT_NAME = "$(TARGET_NAME)";
				PROVISIONING_PROFILE = "";
				WRAPPER_EXTENSION = app;
			};
			name = Debug;
		};
		8E00AAF718182E9700BB32E4 /* Release */ = {
			isa = XCBuildConfiguration;
			buildSettings = {
				ASSETCATALOG_COMPILER_APPICON_NAME = AppIcon;
				ASSETCATALOG_COMPILER_LAUNCHIMAGE_NAME = LaunchImage;
				CODE_SIGN_IDENTITY = "iPhone Developer";
				"CODE_SIGN_IDENTITY[sdk=iphoneos*]" = "iPhone Developer";
				FRAMEWORK_SEARCH_PATHS = (
					"$(inherited)",
					/Users/useragent86/Guilt,
					/Users/johnandrews/Desktop/MobileMakers/6th_Week/Guilt,
				);
				GCC_PRECOMPILE_PREFIX_HEADER = YES;
				GCC_PREFIX_HEADER = "Guilt/Guilt-Prefix.pch";
				INFOPLIST_FILE = "Guilt/Guilt-Info.plist";
				PRODUCT_NAME = "$(TARGET_NAME)";
				PROVISIONING_PROFILE = "";
				WRAPPER_EXTENSION = app;
			};
			name = Release;
		};
		8E00AAF918182E9700BB32E4 /* Debug */ = {
			isa = XCBuildConfiguration;
			buildSettings = {
				ARCHS = "$(ARCHS_STANDARD_INCLUDING_64_BIT)";
				BUNDLE_LOADER = "$(BUILT_PRODUCTS_DIR)/Guilt.app/Guilt";
				FRAMEWORK_SEARCH_PATHS = (
					"$(SDKROOT)/Developer/Library/Frameworks",
					"$(inherited)",
					"$(DEVELOPER_FRAMEWORKS_DIR)",
				);
				GCC_PRECOMPILE_PREFIX_HEADER = YES;
				GCC_PREFIX_HEADER = "Guilt/Guilt-Prefix.pch";
				GCC_PREPROCESSOR_DEFINITIONS = (
					"DEBUG=1",
					"$(inherited)",
				);
				INFOPLIST_FILE = "GuiltTests/GuiltTests-Info.plist";
				PRODUCT_NAME = "$(TARGET_NAME)";
				TEST_HOST = "$(BUNDLE_LOADER)";
				WRAPPER_EXTENSION = xctest;
			};
			name = Debug;
		};
		8E00AAFA18182E9700BB32E4 /* Release */ = {
			isa = XCBuildConfiguration;
			buildSettings = {
				ARCHS = "$(ARCHS_STANDARD_INCLUDING_64_BIT)";
				BUNDLE_LOADER = "$(BUILT_PRODUCTS_DIR)/Guilt.app/Guilt";
				FRAMEWORK_SEARCH_PATHS = (
					"$(SDKROOT)/Developer/Library/Frameworks",
					"$(inherited)",
					"$(DEVELOPER_FRAMEWORKS_DIR)",
				);
				GCC_PRECOMPILE_PREFIX_HEADER = YES;
				GCC_PREFIX_HEADER = "Guilt/Guilt-Prefix.pch";
				INFOPLIST_FILE = "GuiltTests/GuiltTests-Info.plist";
				PRODUCT_NAME = "$(TARGET_NAME)";
				TEST_HOST = "$(BUNDLE_LOADER)";
				WRAPPER_EXTENSION = xctest;
			};
			name = Release;
		};
/* End XCBuildConfiguration section */

/* Begin XCConfigurationList section */
		8E00AABE18182E9700BB32E4 /* Build configuration list for PBXProject "Guilt" */ = {
			isa = XCConfigurationList;
			buildConfigurations = (
				8E00AAF318182E9700BB32E4 /* Debug */,
				8E00AAF418182E9700BB32E4 /* Release */,
			);
			defaultConfigurationIsVisible = 0;
			defaultConfigurationName = Release;
		};
		8E00AAF518182E9700BB32E4 /* Build configuration list for PBXNativeTarget "Guilt" */ = {
			isa = XCConfigurationList;
			buildConfigurations = (
				8E00AAF618182E9700BB32E4 /* Debug */,
				8E00AAF718182E9700BB32E4 /* Release */,
			);
			defaultConfigurationIsVisible = 0;
			defaultConfigurationName = Release;
		};
		8E00AAF818182E9700BB32E4 /* Build configuration list for PBXNativeTarget "GuiltTests" */ = {
			isa = XCConfigurationList;
			buildConfigurations = (
				8E00AAF918182E9700BB32E4 /* Debug */,
				8E00AAFA18182E9700BB32E4 /* Release */,
			);
			defaultConfigurationIsVisible = 0;
			defaultConfigurationName = Release;
		};
/* End XCConfigurationList section */
	};
	rootObject = 8E00AABB18182E9700BB32E4 /* Project object */;
}
