// !$*UTF8*$!
{
	archiveVersion = 1;
	classes = {
	};
	objectVersion = 46;
	objects = {

/* Begin PBXBuildFile section */
		4B1DA16A979D42309120B901 /* libPods-Guilt.a in Frameworks */ = {isa = PBXBuildFile; fileRef = 3D97B0EE65234E1088C40AF9 /* libPods-Guilt.a */; };
		771BCD80182023DD000264A8 /* ScannerViewController.m in Sources */ = {isa = PBXBuildFile; fileRef = 771BCD7F182023DD000264A8 /* ScannerViewController.m */; };
		771BCD8418219AAF000264A8 /* AudioToolbox.framework in Frameworks */ = {isa = PBXBuildFile; fileRef = 771BCD8318219AAF000264A8 /* AudioToolbox.framework */; };
		771BCD8618219ACF000264A8 /* CoreLocation.framework in Frameworks */ = {isa = PBXBuildFile; fileRef = 771BCD8518219ACF000264A8 /* CoreLocation.framework */; };
		771BCD8818219AE9000264A8 /* libz.1.1.3.dylib in Frameworks */ = {isa = PBXBuildFile; fileRef = 771BCD8718219AE9000264A8 /* libz.1.1.3.dylib */; };
		771BCD8A18219AF3000264A8 /* MobileCoreServices.framework in Frameworks */ = {isa = PBXBuildFile; fileRef = 771BCD8918219AF3000264A8 /* MobileCoreServices.framework */; };
		771BCD8C18219B01000264A8 /* QuartzCore.framework in Frameworks */ = {isa = PBXBuildFile; fileRef = 771BCD8B18219B01000264A8 /* QuartzCore.framework */; };
		771BCD8E18219B0C000264A8 /* Security.framework in Frameworks */ = {isa = PBXBuildFile; fileRef = 771BCD8D18219B0C000264A8 /* Security.framework */; };
		771BCD9018219B15000264A8 /* StoreKit.framework in Frameworks */ = {isa = PBXBuildFile; fileRef = 771BCD8F18219B15000264A8 /* StoreKit.framework */; };
		771BCD9218219B24000264A8 /* SystemConfiguration.framework in Frameworks */ = {isa = PBXBuildFile; fileRef = 771BCD9118219B24000264A8 /* SystemConfiguration.framework */; };
		771BCD951822D48E000264A8 /* (null) in Sources */ = {isa = PBXBuildFile; };
		7727AD89182BF356006D01DD /* ic_profile_white@2x.png in Resources */ = {isa = PBXBuildFile; fileRef = 7727AD85182BF356006D01DD /* ic_profile_white@2x.png */; };
		7727AD8A182BF356006D01DD /* ic_profile_white.png in Resources */ = {isa = PBXBuildFile; fileRef = 7727AD86182BF356006D01DD /* ic_profile_white.png */; };
		772B828E1829683300128190 /* UserProfileViewController.m in Sources */ = {isa = PBXBuildFile; fileRef = 772B828D1829683300128190 /* UserProfileViewController.m */; };
		7F05B6A219C1030A00C5EE16 /* InitialParseNetworking.m in Sources */ = {isa = PBXBuildFile; fileRef = 7F05B6A119C1030A00C5EE16 /* InitialParseNetworking.m */; };
		7F36979F19AAE2E200BDC2A3 /* AddCharityViewController.m in Sources */ = {isa = PBXBuildFile; fileRef = 7F36979E19AAE2E200BDC2A3 /* AddCharityViewController.m */; };
		7F4B93C619E8C9F60047BE25 /* libGoogleAnalyticsServices.a in Frameworks */ = {isa = PBXBuildFile; fileRef = 7F4B93C519E8C9F60047BE25 /* libGoogleAnalyticsServices.a */; };
		7F4B93C819E8CA410047BE25 /* Parse.framework in Frameworks */ = {isa = PBXBuildFile; fileRef = 7F4B93C719E8CA410047BE25 /* Parse.framework */; };
		7F4B93CA19E8CA780047BE25 /* ParseFacebookUtils.framework in Frameworks */ = {isa = PBXBuildFile; fileRef = 7F4B93C919E8CA780047BE25 /* ParseFacebookUtils.framework */; };
		7F699BEB19AAD14D0016526B /* CustimizeMessageForEmail2.m in Sources */ = {isa = PBXBuildFile; fileRef = 7F699BEA19AAD14D0016526B /* CustimizeMessageForEmail2.m */; };
		7FA3C29F19F5C42C00A5FEA8 /* GoogleAnalytics.m in Sources */ = {isa = PBXBuildFile; fileRef = 7FA3C29E19F5C42C00A5FEA8 /* GoogleAnalytics.m */; };
		7FC797D619DB6D210093ED54 /* Model.xcdatamodeld in Sources */ = {isa = PBXBuildFile; fileRef = 7FC797D419DB6D210093ED54 /* Model.xcdatamodeld */; };
		7FC797D919DB6FD50093ED54 /* DonationHistory.m in Sources */ = {isa = PBXBuildFile; fileRef = 7FC797D819DB6FD50093ED54 /* DonationHistory.m */; };
		7FC797DC19DB6FD60093ED54 /* ArchiveImage.m in Sources */ = {isa = PBXBuildFile; fileRef = 7FC797DB19DB6FD60093ED54 /* ArchiveImage.m */; };
		7FC797DF19DCBB5A0093ED54 /* ImageSaver.m in Sources */ = {isa = PBXBuildFile; fileRef = 7FC797DE19DCBB5A0093ED54 /* ImageSaver.m */; };
		8E00AAC718182E9700BB32E4 /* Foundation.framework in Frameworks */ = {isa = PBXBuildFile; fileRef = 8E00AAC618182E9700BB32E4 /* Foundation.framework */; };
		8E00AAC918182E9700BB32E4 /* CoreGraphics.framework in Frameworks */ = {isa = PBXBuildFile; fileRef = 8E00AAC818182E9700BB32E4 /* CoreGraphics.framework */; };
		8E00AACB18182E9700BB32E4 /* UIKit.framework in Frameworks */ = {isa = PBXBuildFile; fileRef = 8E00AACA18182E9700BB32E4 /* UIKit.framework */; };
		8E00AAD118182E9700BB32E4 /* InfoPlist.strings in Resources */ = {isa = PBXBuildFile; fileRef = 8E00AACF18182E9700BB32E4 /* InfoPlist.strings */; };
		8E00AAD318182E9700BB32E4 /* main.m in Sources */ = {isa = PBXBuildFile; fileRef = 8E00AAD218182E9700BB32E4 /* main.m */; };
		8E00AAD718182E9700BB32E4 /* AppDelegate.m in Sources */ = {isa = PBXBuildFile; fileRef = 8E00AAD618182E9700BB32E4 /* AppDelegate.m */; };
		8E00AADA18182E9700BB32E4 /* Main.storyboard in Resources */ = {isa = PBXBuildFile; fileRef = 8E00AAD818182E9700BB32E4 /* Main.storyboard */; };
		8E00AADF18182E9700BB32E4 /* Images.xcassets in Resources */ = {isa = PBXBuildFile; fileRef = 8E00AADE18182E9700BB32E4 /* Images.xcassets */; };
		8E00AAE718182E9700BB32E4 /* Foundation.framework in Frameworks */ = {isa = PBXBuildFile; fileRef = 8E00AAC618182E9700BB32E4 /* Foundation.framework */; };
		8E00AAE818182E9700BB32E4 /* UIKit.framework in Frameworks */ = {isa = PBXBuildFile; fileRef = 8E00AACA18182E9700BB32E4 /* UIKit.framework */; };
		8E00AAF018182E9700BB32E4 /* InfoPlist.strings in Resources */ = {isa = PBXBuildFile; fileRef = 8E00AAEE18182E9700BB32E4 /* InfoPlist.strings */; };
		8E00AAF218182E9700BB32E4 /* GuiltTests.m in Sources */ = {isa = PBXBuildFile; fileRef = 8E00AAF118182E9700BB32E4 /* GuiltTests.m */; };
		8E034B6D194A639A006D8DD6 /* ArchiveTableViewController.m in Sources */ = {isa = PBXBuildFile; fileRef = 8E034B6C194A639A006D8DD6 /* ArchiveTableViewController.m */; };
		8E034B70194A67CE006D8DD6 /* ArchiveTableViewCell.m in Sources */ = {isa = PBXBuildFile; fileRef = 8E034B6F194A67CE006D8DD6 /* ArchiveTableViewCell.m */; };
		8E034B73194C9412006D8DD6 /* ModalArchiveViewController.m in Sources */ = {isa = PBXBuildFile; fileRef = 8E034B72194C9412006D8DD6 /* ModalArchiveViewController.m */; };
		8E034B7E194DD7B4006D8DD6 /* CoreData.framework in Frameworks */ = {isa = PBXBuildFile; fileRef = 8E034B7D194DD7B4006D8DD6 /* CoreData.framework */; };
		8E034B80194DD7C8006D8DD6 /* libz.dylib in Frameworks */ = {isa = PBXBuildFile; fileRef = 8E034B7F194DD7C8006D8DD6 /* libz.dylib */; };
		8E05BC60182AB7F20005BF34 /* KarmaScan logo-FJ.png in Resources */ = {isa = PBXBuildFile; fileRef = 8E05BC59182AB7F20005BF34 /* KarmaScan logo-FJ.png */; };
		8E05BC68182AE1E80005BF34 /* KarnaScan_Background_i4.png in Resources */ = {isa = PBXBuildFile; fileRef = 8E05BC65182AE1E80005BF34 /* KarnaScan_Background_i4.png */; };
		8E05BC6B182AE43B0005BF34 /* barcode.png in Resources */ = {isa = PBXBuildFile; fileRef = 8E05BC6A182AE43B0005BF34 /* barcode.png */; };
		8E05BC6D182AF20A0005BF34 /* QuicksandRegular.otf in Resources */ = {isa = PBXBuildFile; fileRef = 8E05BC6C182AEEA50005BF34 /* QuicksandRegular.otf */; };
		8E05BC71182B08990005BF34 /* Quicksand-Bold.otf in Resources */ = {isa = PBXBuildFile; fileRef = 8E05BC70182B085C0005BF34 /* Quicksand-Bold.otf */; };
		8E05BC73182B2F6E0005BF34 /* KarnaScan_NavBar.png in Resources */ = {isa = PBXBuildFile; fileRef = 8E05BC72182B2F6E0005BF34 /* KarnaScan_NavBar.png */; };
		8E31BE89191C44B900EB9032 /* ShareImageViewController.m in Sources */ = {isa = PBXBuildFile; fileRef = 8E31BE88191C44B900EB9032 /* ShareImageViewController.m */; };
		8E31BE8B191E957500EB9032 /* Social.framework in Frameworks */ = {isa = PBXBuildFile; fileRef = 8E31BE8A191E957500EB9032 /* Social.framework */; };
		8E31BE8D191E958E00EB9032 /* libsqlite3.dylib in Frameworks */ = {isa = PBXBuildFile; fileRef = 8E31BE8C191E958E00EB9032 /* libsqlite3.dylib */; };
		8E31BE8F191E959C00EB9032 /* Accounts.framework in Frameworks */ = {isa = PBXBuildFile; fileRef = 8E31BE8E191E959C00EB9032 /* Accounts.framework */; };
		8E31BE91191E95A600EB9032 /* AdSupport.framework in Frameworks */ = {isa = PBXBuildFile; fileRef = 8E31BE90191E95A600EB9032 /* AdSupport.framework */; };
		8E31BE94191E9D0300EB9032 /* Comms.m in Sources */ = {isa = PBXBuildFile; fileRef = 8E31BE93191E9D0300EB9032 /* Comms.m */; };
		8E3FA46818CB8329009E2A66 /* WelcomeViewController.m in Sources */ = {isa = PBXBuildFile; fileRef = 8E3FA46718CB8329009E2A66 /* WelcomeViewController.m */; };
		8E3FA46B18CBB3FA009E2A66 /* BaseViewController.m in Sources */ = {isa = PBXBuildFile; fileRef = 8E3FA46A18CBB3FA009E2A66 /* BaseViewController.m */; };
		8E77A87C18EA5608001470DD /* UserHistoryCell.m in Sources */ = {isa = PBXBuildFile; fileRef = 8E77A87B18EA5608001470DD /* UserHistoryCell.m */; };
		8E77A8B218F091B5001470DD /* dollarSign.jpg in Resources */ = {isa = PBXBuildFile; fileRef = 8E77A8B118F091B5001470DD /* dollarSign.jpg */; };
		8EAE7B73182006A7001BDC08 /* ConversionViewController.m in Sources */ = {isa = PBXBuildFile; fileRef = 8EAE7B72182006A7001BDC08 /* ConversionViewController.m */; };
		8EB17BF918201F00000DDFCC /* ImagesViewController.m in Sources */ = {isa = PBXBuildFile; fileRef = 8EB17BF818201F00000DDFCC /* ImagesViewController.m */; };
		8EB17C1318217A85000DDFCC /* CharityAndProductDisplayCell.m in Sources */ = {isa = PBXBuildFile; fileRef = 8EB17C1218217A85000DDFCC /* CharityAndProductDisplayCell.m */; };
		8EB6F6B9191FAC9A004F70C5 /* Constants.m in Sources */ = {isa = PBXBuildFile; fileRef = 8EB6F6B8191FAC9A004F70C5 /* Constants.m */; };
		8EB6F6BC191FAD7F004F70C5 /* TwitterClient.m in Sources */ = {isa = PBXBuildFile; fileRef = 8EB6F6BB191FAD7F004F70C5 /* TwitterClient.m */; };
		8EB6F6C2191FAE0D004F70C5 /* FHSTwitterEngine.m in Sources */ = {isa = PBXBuildFile; fileRef = 8EB6F6BF191FAE0D004F70C5 /* FHSTwitterEngine.m */; };
		8EB6F6C3191FAE0D004F70C5 /* FHSStream.m in Sources */ = {isa = PBXBuildFile; fileRef = 8EB6F6C1191FAE0D004F70C5 /* FHSStream.m */; };
		8EB6F6C6191FAE1F004F70C5 /* PFTwitterUtils+NativeTwitter.m in Sources */ = {isa = PBXBuildFile; fileRef = 8EB6F6C5191FAE1F004F70C5 /* PFTwitterUtils+NativeTwitter.m */; };
		8EB6F6CD191FAE2F004F70C5 /* NSData+Base64.m in Sources */ = {isa = PBXBuildFile; fileRef = 8EB6F6C8191FAE2F004F70C5 /* NSData+Base64.m */; };
		8EB6F6CE191FAE2F004F70C5 /* OAuth+Additions.m in Sources */ = {isa = PBXBuildFile; fileRef = 8EB6F6CA191FAE2F004F70C5 /* OAuth+Additions.m */; };
		8EB6F6CF191FAE2F004F70C5 /* OAuthCore.m in Sources */ = {isa = PBXBuildFile; fileRef = 8EB6F6CC191FAE2F004F70C5 /* OAuthCore.m */; };
		8EB6F6D4191FAE3C004F70C5 /* TWAPIManager.m in Sources */ = {isa = PBXBuildFile; fileRef = 8EB6F6D1191FAE3C004F70C5 /* TWAPIManager.m */; };
		8EB6F6D5191FAE3C004F70C5 /* TWSignedRequest.m in Sources */ = {isa = PBXBuildFile; fileRef = 8EB6F6D3191FAE3C004F70C5 /* TWSignedRequest.m */; };
		8EB6F6DC191FD532004F70C5 /* TWSignInButton.png in Resources */ = {isa = PBXBuildFile; fileRef = 8EB6F6DB191FD532004F70C5 /* TWSignInButton.png */; };
		8EB6F6DE191FD53D004F70C5 /* FBSignInButton.png in Resources */ = {isa = PBXBuildFile; fileRef = 8EB6F6DD191FD53D004F70C5 /* FBSignInButton.png */; };
		8EB6F6E119218F65004F70C5 /* CharityImage.m in Sources */ = {isa = PBXBuildFile; fileRef = 8EB6F6E019218F65004F70C5 /* CharityImage.m */; };
		8EB6F6E419218F8E004F70C5 /* FlickrNetworkManager.m in Sources */ = {isa = PBXBuildFile; fileRef = 8EB6F6E319218F8E004F70C5 /* FlickrNetworkManager.m */; };
		E00CB84D182B28F000A497C3 /* TestHeader.xib in Resources */ = {isa = PBXBuildFile; fileRef = E00CB84C182B28F000A497C3 /* TestHeader.xib */; };
		E00CB852182B291400A497C3 /* KarnaScan_Background.png in Resources */ = {isa = PBXBuildFile; fileRef = E00CB851182B291400A497C3 /* KarnaScan_Background.png */; };
		E00CB859182B316F00A497C3 /* KarmaSignupViewController.m in Sources */ = {isa = PBXBuildFile; fileRef = E00CB858182B316F00A497C3 /* KarmaSignupViewController.m */; };
		E00CB85C182B318A00A497C3 /* MyLoginViewController.m in Sources */ = {isa = PBXBuildFile; fileRef = E00CB85B182B318A00A497C3 /* MyLoginViewController.m */; };
		E00CB85E182B400400A497C3 /* donation.png in Resources */ = {isa = PBXBuildFile; fileRef = E00CB85D182B400400A497C3 /* donation.png */; };
		E00CB860182B400F00A497C3 /* karmaScan1.png in Resources */ = {isa = PBXBuildFile; fileRef = E00CB85F182B400F00A497C3 /* karmaScan1.png */; };
/* End PBXBuildFile section */

/* Begin PBXContainerItemProxy section */
		8E00AAE918182E9700BB32E4 /* PBXContainerItemProxy */ = {
			isa = PBXContainerItemProxy;
			containerPortal = 8E00AABB18182E9700BB32E4 /* Project object */;
			proxyType = 1;
			remoteGlobalIDString = 8E00AAC218182E9700BB32E4;
			remoteInfo = Guilt;
		};
/* End PBXContainerItemProxy section */

/* Begin PBXFileReference section */
		3D97B0EE65234E1088C40AF9 /* libPods-Guilt.a */ = {isa = PBXFileReference; explicitFileType = archive.ar; includeInIndex = 0; path = "libPods-Guilt.a"; sourceTree = BUILT_PRODUCTS_DIR; };
		771BCD7E182023DD000264A8 /* ScannerViewController.h */ = {isa = PBXFileReference; fileEncoding = 4; lastKnownFileType = sourcecode.c.h; name = ScannerViewController.h; path = ../ScannerViewController.h; sourceTree = "<group>"; };
		771BCD7F182023DD000264A8 /* ScannerViewController.m */ = {isa = PBXFileReference; fileEncoding = 4; lastKnownFileType = sourcecode.c.objc; name = ScannerViewController.m; path = ../ScannerViewController.m; sourceTree = "<group>"; };
		771BCD8318219AAF000264A8 /* AudioToolbox.framework */ = {isa = PBXFileReference; lastKnownFileType = wrapper.framework; name = AudioToolbox.framework; path = System/Library/Frameworks/AudioToolbox.framework; sourceTree = SDKROOT; };
		771BCD8518219ACF000264A8 /* CoreLocation.framework */ = {isa = PBXFileReference; lastKnownFileType = wrapper.framework; name = CoreLocation.framework; path = System/Library/Frameworks/CoreLocation.framework; sourceTree = SDKROOT; };
		771BCD8718219AE9000264A8 /* libz.1.1.3.dylib */ = {isa = PBXFileReference; lastKnownFileType = "compiled.mach-o.dylib"; name = libz.1.1.3.dylib; path = usr/lib/libz.1.1.3.dylib; sourceTree = SDKROOT; };
		771BCD8918219AF3000264A8 /* MobileCoreServices.framework */ = {isa = PBXFileReference; lastKnownFileType = wrapper.framework; name = MobileCoreServices.framework; path = System/Library/Frameworks/MobileCoreServices.framework; sourceTree = SDKROOT; };
		771BCD8B18219B01000264A8 /* QuartzCore.framework */ = {isa = PBXFileReference; lastKnownFileType = wrapper.framework; name = QuartzCore.framework; path = System/Library/Frameworks/QuartzCore.framework; sourceTree = SDKROOT; };
		771BCD8D18219B0C000264A8 /* Security.framework */ = {isa = PBXFileReference; lastKnownFileType = wrapper.framework; name = Security.framework; path = System/Library/Frameworks/Security.framework; sourceTree = SDKROOT; };
		771BCD8F18219B15000264A8 /* StoreKit.framework */ = {isa = PBXFileReference; lastKnownFileType = wrapper.framework; name = StoreKit.framework; path = System/Library/Frameworks/StoreKit.framework; sourceTree = SDKROOT; };
		771BCD9118219B24000264A8 /* SystemConfiguration.framework */ = {isa = PBXFileReference; lastKnownFileType = wrapper.framework; name = SystemConfiguration.framework; path = System/Library/Frameworks/SystemConfiguration.framework; sourceTree = SDKROOT; };
		7727AD85182BF356006D01DD /* ic_profile_white@2x.png */ = {isa = PBXFileReference; lastKnownFileType = image.png; path = "ic_profile_white@2x.png"; sourceTree = "<group>"; };
		7727AD86182BF356006D01DD /* ic_profile_white.png */ = {isa = PBXFileReference; lastKnownFileType = image.png; path = ic_profile_white.png; sourceTree = "<group>"; };
		7727AD87182BF356006D01DD /* ic_profile_black@2x.png */ = {isa = PBXFileReference; lastKnownFileType = image.png; path = "ic_profile_black@2x.png"; sourceTree = "<group>"; };
		7727AD88182BF356006D01DD /* ic_profile_black.png */ = {isa = PBXFileReference; lastKnownFileType = image.png; path = ic_profile_black.png; sourceTree = "<group>"; };
		772B828C1829683300128190 /* UserProfileViewController.h */ = {isa = PBXFileReference; fileEncoding = 4; lastKnownFileType = sourcecode.c.h; name = UserProfileViewController.h; path = ../UserProfileViewController.h; sourceTree = "<group>"; };
		772B828D1829683300128190 /* UserProfileViewController.m */ = {isa = PBXFileReference; fileEncoding = 4; lastKnownFileType = sourcecode.c.objc; name = UserProfileViewController.m; path = ../UserProfileViewController.m; sourceTree = "<group>"; };
		7F05B6A019C1030A00C5EE16 /* InitialParseNetworking.h */ = {isa = PBXFileReference; fileEncoding = 4; lastKnownFileType = sourcecode.c.h; path = InitialParseNetworking.h; sourceTree = "<group>"; };
		7F05B6A119C1030A00C5EE16 /* InitialParseNetworking.m */ = {isa = PBXFileReference; fileEncoding = 4; lastKnownFileType = sourcecode.c.objc; path = InitialParseNetworking.m; sourceTree = "<group>"; };
		7F36979D19AAE2E200BDC2A3 /* AddCharityViewController.h */ = {isa = PBXFileReference; fileEncoding = 4; lastKnownFileType = sourcecode.c.h; path = AddCharityViewController.h; sourceTree = "<group>"; };
		7F36979E19AAE2E200BDC2A3 /* AddCharityViewController.m */ = {isa = PBXFileReference; fileEncoding = 4; lastKnownFileType = sourcecode.c.objc; path = AddCharityViewController.m; sourceTree = "<group>"; };
		7F4B93C519E8C9F60047BE25 /* libGoogleAnalyticsServices.a */ = {isa = PBXFileReference; lastKnownFileType = archive.ar; path = libGoogleAnalyticsServices.a; sourceTree = "<group>"; };
		7F4B93C719E8CA410047BE25 /* Parse.framework */ = {isa = PBXFileReference; lastKnownFileType = wrapper.framework; path = Parse.framework; sourceTree = "<group>"; };
		7F4B93C919E8CA780047BE25 /* ParseFacebookUtils.framework */ = {isa = PBXFileReference; lastKnownFileType = wrapper.framework; path = ParseFacebookUtils.framework; sourceTree = "<group>"; };
		7F699BE919AAD14D0016526B /* CustimizeMessageForEmail2.h */ = {isa = PBXFileReference; fileEncoding = 4; lastKnownFileType = sourcecode.c.h; path = CustimizeMessageForEmail2.h; sourceTree = "<group>"; };
		7F699BEA19AAD14D0016526B /* CustimizeMessageForEmail2.m */ = {isa = PBXFileReference; fileEncoding = 4; lastKnownFileType = sourcecode.c.objc; path = CustimizeMessageForEmail2.m; sourceTree = "<group>"; };
		7FA3C29D19F5C42C00A5FEA8 /* GoogleAnalytics.h */ = {isa = PBXFileReference; fileEncoding = 4; lastKnownFileType = sourcecode.c.h; path = GoogleAnalytics.h; sourceTree = "<group>"; };
		7FA3C29E19F5C42C00A5FEA8 /* GoogleAnalytics.m */ = {isa = PBXFileReference; fileEncoding = 4; lastKnownFileType = sourcecode.c.objc; path = GoogleAnalytics.m; sourceTree = "<group>"; };
		7FC797D519DB6D210093ED54 /* Model.xcdatamodel */ = {isa = PBXFileReference; lastKnownFileType = wrapper.xcdatamodel; path = Model.xcdatamodel; sourceTree = "<group>"; };
		7FC797D719DB6FD50093ED54 /* DonationHistory.h */ = {isa = PBXFileReference; fileEncoding = 4; lastKnownFileType = sourcecode.c.h; path = DonationHistory.h; sourceTree = "<group>"; };
		7FC797D819DB6FD50093ED54 /* DonationHistory.m */ = {isa = PBXFileReference; fileEncoding = 4; lastKnownFileType = sourcecode.c.objc; path = DonationHistory.m; sourceTree = "<group>"; };
		7FC797DA19DB6FD60093ED54 /* ArchiveImage.h */ = {isa = PBXFileReference; fileEncoding = 4; lastKnownFileType = sourcecode.c.h; path = ArchiveImage.h; sourceTree = "<group>"; };
		7FC797DB19DB6FD60093ED54 /* ArchiveImage.m */ = {isa = PBXFileReference; fileEncoding = 4; lastKnownFileType = sourcecode.c.objc; path = ArchiveImage.m; sourceTree = "<group>"; };
		7FC797DD19DCBB5A0093ED54 /* ImageSaver.h */ = {isa = PBXFileReference; fileEncoding = 4; lastKnownFileType = sourcecode.c.h; path = ImageSaver.h; sourceTree = "<group>"; };
		7FC797DE19DCBB5A0093ED54 /* ImageSaver.m */ = {isa = PBXFileReference; fileEncoding = 4; lastKnownFileType = sourcecode.c.objc; path = ImageSaver.m; sourceTree = "<group>"; };
		8E00AAC318182E9700BB32E4 /* Guilt.app */ = {isa = PBXFileReference; explicitFileType = wrapper.application; includeInIndex = 0; path = Guilt.app; sourceTree = BUILT_PRODUCTS_DIR; };
		8E00AAC618182E9700BB32E4 /* Foundation.framework */ = {isa = PBXFileReference; lastKnownFileType = wrapper.framework; name = Foundation.framework; path = System/Library/Frameworks/Foundation.framework; sourceTree = SDKROOT; };
		8E00AAC818182E9700BB32E4 /* CoreGraphics.framework */ = {isa = PBXFileReference; lastKnownFileType = wrapper.framework; name = CoreGraphics.framework; path = System/Library/Frameworks/CoreGraphics.framework; sourceTree = SDKROOT; };
		8E00AACA18182E9700BB32E4 /* UIKit.framework */ = {isa = PBXFileReference; lastKnownFileType = wrapper.framework; name = UIKit.framework; path = System/Library/Frameworks/UIKit.framework; sourceTree = SDKROOT; };
		8E00AACE18182E9700BB32E4 /* Guilt-Info.plist */ = {isa = PBXFileReference; lastKnownFileType = text.plist.xml; path = "Guilt-Info.plist"; sourceTree = "<group>"; };
		8E00AAD018182E9700BB32E4 /* en */ = {isa = PBXFileReference; lastKnownFileType = text.plist.strings; name = en; path = en.lproj/InfoPlist.strings; sourceTree = "<group>"; };
		8E00AAD218182E9700BB32E4 /* main.m */ = {isa = PBXFileReference; lastKnownFileType = sourcecode.c.objc; path = main.m; sourceTree = "<group>"; };
		8E00AAD418182E9700BB32E4 /* Guilt-Prefix.pch */ = {isa = PBXFileReference; lastKnownFileType = sourcecode.c.h; path = "Guilt-Prefix.pch"; sourceTree = "<group>"; };
		8E00AAD518182E9700BB32E4 /* AppDelegate.h */ = {isa = PBXFileReference; lastKnownFileType = sourcecode.c.h; path = AppDelegate.h; sourceTree = "<group>"; };
		8E00AAD618182E9700BB32E4 /* AppDelegate.m */ = {isa = PBXFileReference; lastKnownFileType = sourcecode.c.objc; path = AppDelegate.m; sourceTree = "<group>"; };
		8E00AAD918182E9700BB32E4 /* Base */ = {isa = PBXFileReference; lastKnownFileType = file.storyboard; name = Base; path = Base.lproj/Main.storyboard; sourceTree = "<group>"; };
		8E00AADE18182E9700BB32E4 /* Images.xcassets */ = {isa = PBXFileReference; lastKnownFileType = folder.assetcatalog; path = Images.xcassets; sourceTree = "<group>"; };
		8E00AAE418182E9700BB32E4 /* GuiltTests.xctest */ = {isa = PBXFileReference; explicitFileType = wrapper.cfbundle; includeInIndex = 0; path = GuiltTests.xctest; sourceTree = BUILT_PRODUCTS_DIR; };
		8E00AAED18182E9700BB32E4 /* GuiltTests-Info.plist */ = {isa = PBXFileReference; lastKnownFileType = text.plist.xml; path = "GuiltTests-Info.plist"; sourceTree = "<group>"; };
		8E00AAEF18182E9700BB32E4 /* en */ = {isa = PBXFileReference; lastKnownFileType = text.plist.strings; name = en; path = en.lproj/InfoPlist.strings; sourceTree = "<group>"; };
		8E00AAF118182E9700BB32E4 /* GuiltTests.m */ = {isa = PBXFileReference; lastKnownFileType = sourcecode.c.objc; path = GuiltTests.m; sourceTree = "<group>"; };
		8E034B6B194A639A006D8DD6 /* ArchiveTableViewController.h */ = {isa = PBXFileReference; fileEncoding = 4; lastKnownFileType = sourcecode.c.h; path = ArchiveTableViewController.h; sourceTree = "<group>"; };
		8E034B6C194A639A006D8DD6 /* ArchiveTableViewController.m */ = {isa = PBXFileReference; fileEncoding = 4; lastKnownFileType = sourcecode.c.objc; path = ArchiveTableViewController.m; sourceTree = "<group>"; };
		8E034B6E194A67CE006D8DD6 /* ArchiveTableViewCell.h */ = {isa = PBXFileReference; fileEncoding = 4; lastKnownFileType = sourcecode.c.h; path = ArchiveTableViewCell.h; sourceTree = "<group>"; };
		8E034B6F194A67CE006D8DD6 /* ArchiveTableViewCell.m */ = {isa = PBXFileReference; fileEncoding = 4; lastKnownFileType = sourcecode.c.objc; path = ArchiveTableViewCell.m; sourceTree = "<group>"; };
		8E034B71194C9412006D8DD6 /* ModalArchiveViewController.h */ = {isa = PBXFileReference; fileEncoding = 4; lastKnownFileType = sourcecode.c.h; path = ModalArchiveViewController.h; sourceTree = "<group>"; };
		8E034B72194C9412006D8DD6 /* ModalArchiveViewController.m */ = {isa = PBXFileReference; fileEncoding = 4; lastKnownFileType = sourcecode.c.objc; path = ModalArchiveViewController.m; sourceTree = "<group>"; };
		8E034B75194DD76C006D8DD6 /* GAI.h */ = {isa = PBXFileReference; fileEncoding = 4; lastKnownFileType = sourcecode.c.h; path = GAI.h; sourceTree = "<group>"; };
		8E034B76194DD76C006D8DD6 /* GAIDictionaryBuilder.h */ = {isa = PBXFileReference; fileEncoding = 4; lastKnownFileType = sourcecode.c.h; path = GAIDictionaryBuilder.h; sourceTree = "<group>"; };
		8E034B77194DD76C006D8DD6 /* GAIFields.h */ = {isa = PBXFileReference; fileEncoding = 4; lastKnownFileType = sourcecode.c.h; path = GAIFields.h; sourceTree = "<group>"; };
		8E034B78194DD76C006D8DD6 /* GAILogger.h */ = {isa = PBXFileReference; fileEncoding = 4; lastKnownFileType = sourcecode.c.h; path = GAILogger.h; sourceTree = "<group>"; };
		8E034B79194DD76C006D8DD6 /* GAITrackedViewController.h */ = {isa = PBXFileReference; fileEncoding = 4; lastKnownFileType = sourcecode.c.h; path = GAITrackedViewController.h; sourceTree = "<group>"; };
		8E034B7A194DD76C006D8DD6 /* GAITracker.h */ = {isa = PBXFileReference; fileEncoding = 4; lastKnownFileType = sourcecode.c.h; path = GAITracker.h; sourceTree = "<group>"; };
		8E034B7D194DD7B4006D8DD6 /* CoreData.framework */ = {isa = PBXFileReference; lastKnownFileType = wrapper.framework; name = CoreData.framework; path = System/Library/Frameworks/CoreData.framework; sourceTree = SDKROOT; };
		8E034B7F194DD7C8006D8DD6 /* libz.dylib */ = {isa = PBXFileReference; lastKnownFileType = "compiled.mach-o.dylib"; name = libz.dylib; path = usr/lib/libz.dylib; sourceTree = SDKROOT; };
		8E05BC59182AB7F20005BF34 /* KarmaScan logo-FJ.png */ = {isa = PBXFileReference; lastKnownFileType = image.png; path = "KarmaScan logo-FJ.png"; sourceTree = "<group>"; };
		8E05BC65182AE1E80005BF34 /* KarnaScan_Background_i4.png */ = {isa = PBXFileReference; lastKnownFileType = image.png; path = KarnaScan_Background_i4.png; sourceTree = "<group>"; };
		8E05BC6A182AE43B0005BF34 /* barcode.png */ = {isa = PBXFileReference; lastKnownFileType = image.png; path = barcode.png; sourceTree = "<group>"; };
		8E05BC6C182AEEA50005BF34 /* QuicksandRegular.otf */ = {isa = PBXFileReference; lastKnownFileType = file; path = QuicksandRegular.otf; sourceTree = "<group>"; };
		8E05BC6E182B01200005BF34 /* awesomeBarcode.png */ = {isa = PBXFileReference; lastKnownFileType = image.png; name = awesomeBarcode.png; path = ../awesomeBarcode.png; sourceTree = "<group>"; };
		8E05BC70182B085C0005BF34 /* Quicksand-Bold.otf */ = {isa = PBXFileReference; lastKnownFileType = file; path = "Quicksand-Bold.otf"; sourceTree = "<group>"; };
		8E05BC72182B2F6E0005BF34 /* KarnaScan_NavBar.png */ = {isa = PBXFileReference; lastKnownFileType = image.png; path = KarnaScan_NavBar.png; sourceTree = "<group>"; };
		8E31BE87191C44B900EB9032 /* ShareImageViewController.h */ = {isa = PBXFileReference; fileEncoding = 4; lastKnownFileType = sourcecode.c.h; path = ShareImageViewController.h; sourceTree = "<group>"; };
		8E31BE88191C44B900EB9032 /* ShareImageViewController.m */ = {isa = PBXFileReference; fileEncoding = 4; lastKnownFileType = sourcecode.c.objc; path = ShareImageViewController.m; sourceTree = "<group>"; };
		8E31BE8A191E957500EB9032 /* Social.framework */ = {isa = PBXFileReference; lastKnownFileType = wrapper.framework; name = Social.framework; path = System/Library/Frameworks/Social.framework; sourceTree = SDKROOT; };
		8E31BE8C191E958E00EB9032 /* libsqlite3.dylib */ = {isa = PBXFileReference; lastKnownFileType = "compiled.mach-o.dylib"; name = libsqlite3.dylib; path = usr/lib/libsqlite3.dylib; sourceTree = SDKROOT; };
		8E31BE8E191E959C00EB9032 /* Accounts.framework */ = {isa = PBXFileReference; lastKnownFileType = wrapper.framework; name = Accounts.framework; path = System/Library/Frameworks/Accounts.framework; sourceTree = SDKROOT; };
		8E31BE90191E95A600EB9032 /* AdSupport.framework */ = {isa = PBXFileReference; lastKnownFileType = wrapper.framework; name = AdSupport.framework; path = System/Library/Frameworks/AdSupport.framework; sourceTree = SDKROOT; };
		8E31BE92191E9D0300EB9032 /* Comms.h */ = {isa = PBXFileReference; fileEncoding = 4; lastKnownFileType = sourcecode.c.h; path = Comms.h; sourceTree = "<group>"; };
		8E31BE93191E9D0300EB9032 /* Comms.m */ = {isa = PBXFileReference; fileEncoding = 4; lastKnownFileType = sourcecode.c.objc; path = Comms.m; sourceTree = "<group>"; };
		8E3FA46618CB8329009E2A66 /* WelcomeViewController.h */ = {isa = PBXFileReference; fileEncoding = 4; lastKnownFileType = sourcecode.c.h; path = WelcomeViewController.h; sourceTree = "<group>"; };
		8E3FA46718CB8329009E2A66 /* WelcomeViewController.m */ = {isa = PBXFileReference; fileEncoding = 4; lastKnownFileType = sourcecode.c.objc; path = WelcomeViewController.m; sourceTree = "<group>"; };
		8E3FA46918CBB3FA009E2A66 /* BaseViewController.h */ = {isa = PBXFileReference; fileEncoding = 4; lastKnownFileType = sourcecode.c.h; path = BaseViewController.h; sourceTree = "<group>"; };
		8E3FA46A18CBB3FA009E2A66 /* BaseViewController.m */ = {isa = PBXFileReference; fileEncoding = 4; lastKnownFileType = sourcecode.c.objc; path = BaseViewController.m; sourceTree = "<group>"; };
		8E77A87A18EA5608001470DD /* UserHistoryCell.h */ = {isa = PBXFileReference; fileEncoding = 4; lastKnownFileType = sourcecode.c.h; path = UserHistoryCell.h; sourceTree = "<group>"; };
		8E77A87B18EA5608001470DD /* UserHistoryCell.m */ = {isa = PBXFileReference; fileEncoding = 4; lastKnownFileType = sourcecode.c.objc; path = UserHistoryCell.m; sourceTree = "<group>"; };
		8E77A8B118F091B5001470DD /* dollarSign.jpg */ = {isa = PBXFileReference; lastKnownFileType = image.jpeg; path = dollarSign.jpg; sourceTree = "<group>"; };
		8E959713182973A400AE29DB /* donate.png */ = {isa = PBXFileReference; lastKnownFileType = image.png; path = donate.png; sourceTree = "<group>"; };
		8EAE7B71182006A7001BDC08 /* ConversionViewController.h */ = {isa = PBXFileReference; fileEncoding = 4; lastKnownFileType = sourcecode.c.h; name = ConversionViewController.h; path = ../ConversionViewController.h; sourceTree = "<group>"; };
		8EAE7B72182006A7001BDC08 /* ConversionViewController.m */ = {isa = PBXFileReference; fileEncoding = 4; lastKnownFileType = sourcecode.c.objc; name = ConversionViewController.m; path = ../ConversionViewController.m; sourceTree = "<group>"; };
		8EB17BF718201F00000DDFCC /* ImagesViewController.h */ = {isa = PBXFileReference; fileEncoding = 4; lastKnownFileType = sourcecode.c.h; name = ImagesViewController.h; path = ../ImagesViewController.h; sourceTree = "<group>"; };
		8EB17BF818201F00000DDFCC /* ImagesViewController.m */ = {isa = PBXFileReference; fileEncoding = 4; lastKnownFileType = sourcecode.c.objc; name = ImagesViewController.m; path = ../ImagesViewController.m; sourceTree = "<group>"; };
		8EB17C1118217A85000DDFCC /* CharityAndProductDisplayCell.h */ = {isa = PBXFileReference; fileEncoding = 4; lastKnownFileType = sourcecode.c.h; name = CharityAndProductDisplayCell.h; path = Guilt/CharityAndProductDisplayCell.h; sourceTree = SOURCE_ROOT; };
		8EB17C1218217A85000DDFCC /* CharityAndProductDisplayCell.m */ = {isa = PBXFileReference; fileEncoding = 4; lastKnownFileType = sourcecode.c.objc; name = CharityAndProductDisplayCell.m; path = Guilt/CharityAndProductDisplayCell.m; sourceTree = SOURCE_ROOT; };
		8EB17C171822E162000DDFCC /* ScannerDidNotWorkDelegate.h */ = {isa = PBXFileReference; lastKnownFileType = sourcecode.c.h; name = ScannerDidNotWorkDelegate.h; path = ../ScannerDidNotWorkDelegate.h; sourceTree = "<group>"; };
		8EB6F6B7191FAC9A004F70C5 /* Constants.h */ = {isa = PBXFileReference; fileEncoding = 4; lastKnownFileType = sourcecode.c.h; path = Constants.h; sourceTree = "<group>"; };
		8EB6F6B8191FAC9A004F70C5 /* Constants.m */ = {isa = PBXFileReference; fileEncoding = 4; lastKnownFileType = sourcecode.c.objc; path = Constants.m; sourceTree = "<group>"; };
		8EB6F6BA191FAD7F004F70C5 /* TwitterClient.h */ = {isa = PBXFileReference; fileEncoding = 4; lastKnownFileType = sourcecode.c.h; path = TwitterClient.h; sourceTree = "<group>"; };
		8EB6F6BB191FAD7F004F70C5 /* TwitterClient.m */ = {isa = PBXFileReference; fileEncoding = 4; lastKnownFileType = sourcecode.c.objc; path = TwitterClient.m; sourceTree = "<group>"; };
		8EB6F6BE191FAE0D004F70C5 /* FHSTwitterEngine.h */ = {isa = PBXFileReference; fileEncoding = 4; lastKnownFileType = sourcecode.c.h; path = FHSTwitterEngine.h; sourceTree = "<group>"; };
		8EB6F6BF191FAE0D004F70C5 /* FHSTwitterEngine.m */ = {isa = PBXFileReference; fileEncoding = 4; lastKnownFileType = sourcecode.c.objc; path = FHSTwitterEngine.m; sourceTree = "<group>"; };
		8EB6F6C0191FAE0D004F70C5 /* FHSStream.h */ = {isa = PBXFileReference; fileEncoding = 4; lastKnownFileType = sourcecode.c.h; path = FHSStream.h; sourceTree = "<group>"; };
		8EB6F6C1191FAE0D004F70C5 /* FHSStream.m */ = {isa = PBXFileReference; fileEncoding = 4; lastKnownFileType = sourcecode.c.objc; path = FHSStream.m; sourceTree = "<group>"; };
		8EB6F6C4191FAE1F004F70C5 /* PFTwitterUtils+NativeTwitter.h */ = {isa = PBXFileReference; fileEncoding = 4; lastKnownFileType = sourcecode.c.h; path = "PFTwitterUtils+NativeTwitter.h"; sourceTree = "<group>"; };
		8EB6F6C5191FAE1F004F70C5 /* PFTwitterUtils+NativeTwitter.m */ = {isa = PBXFileReference; fileEncoding = 4; lastKnownFileType = sourcecode.c.objc; path = "PFTwitterUtils+NativeTwitter.m"; sourceTree = "<group>"; };
		8EB6F6C7191FAE2F004F70C5 /* NSData+Base64.h */ = {isa = PBXFileReference; fileEncoding = 4; lastKnownFileType = sourcecode.c.h; path = "NSData+Base64.h"; sourceTree = "<group>"; };
		8EB6F6C8191FAE2F004F70C5 /* NSData+Base64.m */ = {isa = PBXFileReference; fileEncoding = 4; lastKnownFileType = sourcecode.c.objc; path = "NSData+Base64.m"; sourceTree = "<group>"; };
		8EB6F6C9191FAE2F004F70C5 /* OAuth+Additions.h */ = {isa = PBXFileReference; fileEncoding = 4; lastKnownFileType = sourcecode.c.h; path = "OAuth+Additions.h"; sourceTree = "<group>"; };
		8EB6F6CA191FAE2F004F70C5 /* OAuth+Additions.m */ = {isa = PBXFileReference; fileEncoding = 4; lastKnownFileType = sourcecode.c.objc; path = "OAuth+Additions.m"; sourceTree = "<group>"; };
		8EB6F6CB191FAE2F004F70C5 /* OAuthCore.h */ = {isa = PBXFileReference; fileEncoding = 4; lastKnownFileType = sourcecode.c.h; path = OAuthCore.h; sourceTree = "<group>"; };
		8EB6F6CC191FAE2F004F70C5 /* OAuthCore.m */ = {isa = PBXFileReference; fileEncoding = 4; lastKnownFileType = sourcecode.c.objc; path = OAuthCore.m; sourceTree = "<group>"; };
		8EB6F6D0191FAE3C004F70C5 /* TWAPIManager.h */ = {isa = PBXFileReference; fileEncoding = 4; lastKnownFileType = sourcecode.c.h; path = TWAPIManager.h; sourceTree = "<group>"; };
		8EB6F6D1191FAE3C004F70C5 /* TWAPIManager.m */ = {isa = PBXFileReference; fileEncoding = 4; lastKnownFileType = sourcecode.c.objc; path = TWAPIManager.m; sourceTree = "<group>"; };
		8EB6F6D2191FAE3C004F70C5 /* TWSignedRequest.h */ = {isa = PBXFileReference; fileEncoding = 4; lastKnownFileType = sourcecode.c.h; path = TWSignedRequest.h; sourceTree = "<group>"; };
		8EB6F6D3191FAE3C004F70C5 /* TWSignedRequest.m */ = {isa = PBXFileReference; fileEncoding = 4; lastKnownFileType = sourcecode.c.objc; path = TWSignedRequest.m; sourceTree = "<group>"; };
		8EB6F6DB191FD532004F70C5 /* TWSignInButton.png */ = {isa = PBXFileReference; lastKnownFileType = image.png; path = TWSignInButton.png; sourceTree = "<group>"; };
		8EB6F6DD191FD53D004F70C5 /* FBSignInButton.png */ = {isa = PBXFileReference; lastKnownFileType = image.png; path = FBSignInButton.png; sourceTree = "<group>"; };
		8EB6F6DF19218F65004F70C5 /* CharityImage.h */ = {isa = PBXFileReference; fileEncoding = 4; lastKnownFileType = sourcecode.c.h; path = CharityImage.h; sourceTree = "<group>"; };
		8EB6F6E019218F65004F70C5 /* CharityImage.m */ = {isa = PBXFileReference; fileEncoding = 4; lastKnownFileType = sourcecode.c.objc; path = CharityImage.m; sourceTree = "<group>"; };
		8EB6F6E219218F8E004F70C5 /* FlickrNetworkManager.h */ = {isa = PBXFileReference; fileEncoding = 4; lastKnownFileType = sourcecode.c.h; path = FlickrNetworkManager.h; sourceTree = "<group>"; };
		8EB6F6E319218F8E004F70C5 /* FlickrNetworkManager.m */ = {isa = PBXFileReference; fileEncoding = 4; lastKnownFileType = sourcecode.c.objc; path = FlickrNetworkManager.m; sourceTree = "<group>"; };
		E00CB84C182B28F000A497C3 /* TestHeader.xib */ = {isa = PBXFileReference; fileEncoding = 4; lastKnownFileType = file.xib; name = TestHeader.xib; path = ../TestHeader.xib; sourceTree = "<group>"; };
		E00CB851182B291400A497C3 /* KarnaScan_Background.png */ = {isa = PBXFileReference; lastKnownFileType = image.png; name = KarnaScan_Background.png; path = ../KarnaScan_Background.png; sourceTree = "<group>"; };
		E00CB857182B316800A497C3 /* KarmaSignupViewController.h */ = {isa = PBXFileReference; lastKnownFileType = sourcecode.c.h; path = KarmaSignupViewController.h; sourceTree = SOURCE_ROOT; };
		E00CB858182B316F00A497C3 /* KarmaSignupViewController.m */ = {isa = PBXFileReference; fileEncoding = 4; lastKnownFileType = sourcecode.c.objc; path = KarmaSignupViewController.m; sourceTree = SOURCE_ROOT; };
		E00CB85A182B318000A497C3 /* MyLoginViewController.h */ = {isa = PBXFileReference; lastKnownFileType = sourcecode.c.h; name = MyLoginViewController.h; path = Guilt/MyLoginViewController.h; sourceTree = SOURCE_ROOT; };
		E00CB85B182B318A00A497C3 /* MyLoginViewController.m */ = {isa = PBXFileReference; fileEncoding = 4; lastKnownFileType = sourcecode.c.objc; name = MyLoginViewController.m; path = Guilt/MyLoginViewController.m; sourceTree = SOURCE_ROOT; };
		E00CB85D182B400400A497C3 /* donation.png */ = {isa = PBXFileReference; lastKnownFileType = image.png; name = donation.png; path = ../donation.png; sourceTree = "<group>"; };
		E00CB85F182B400F00A497C3 /* karmaScan1.png */ = {isa = PBXFileReference; lastKnownFileType = image.png; name = karmaScan1.png; path = ../karmaScan1.png; sourceTree = "<group>"; };
		E00CB861182B412C00A497C3 /* CheckMarkWhite.png */ = {isa = PBXFileReference; lastKnownFileType = image.png; name = CheckMarkWhite.png; path = ../CheckMarkWhite.png; sourceTree = "<group>"; };
		E00CB863182B4FD100A497C3 /* SwitchToLoginDelegate.h */ = {isa = PBXFileReference; lastKnownFileType = sourcecode.c.h; name = SwitchToLoginDelegate.h; path = ../SwitchToLoginDelegate.h; sourceTree = "<group>"; };
		EC7255DFA74C4B69BA2699AD /* Pods-Guilt.xcconfig */ = {isa = PBXFileReference; includeInIndex = 1; lastKnownFileType = text.xcconfig; name = "Pods-Guilt.xcconfig"; path = "Pods/Pods-Guilt.xcconfig"; sourceTree = "<group>"; };
/* End PBXFileReference section */

/* Begin PBXFrameworksBuildPhase section */
		8E00AAC018182E9700BB32E4 /* Frameworks */ = {
			isa = PBXFrameworksBuildPhase;
			buildActionMask = 2147483647;
			files = (
				8E034B80194DD7C8006D8DD6 /* libz.dylib in Frameworks */,
				8E034B7E194DD7B4006D8DD6 /* CoreData.framework in Frameworks */,
				8E31BE91191E95A600EB9032 /* AdSupport.framework in Frameworks */,
				8E31BE8F191E959C00EB9032 /* Accounts.framework in Frameworks */,
				8E31BE8D191E958E00EB9032 /* libsqlite3.dylib in Frameworks */,
				8E31BE8B191E957500EB9032 /* Social.framework in Frameworks */,
				771BCD9218219B24000264A8 /* SystemConfiguration.framework in Frameworks */,
				771BCD9018219B15000264A8 /* StoreKit.framework in Frameworks */,
				771BCD8E18219B0C000264A8 /* Security.framework in Frameworks */,
				771BCD8C18219B01000264A8 /* QuartzCore.framework in Frameworks */,
				771BCD8A18219AF3000264A8 /* MobileCoreServices.framework in Frameworks */,
				771BCD8818219AE9000264A8 /* libz.1.1.3.dylib in Frameworks */,
				771BCD8618219ACF000264A8 /* CoreLocation.framework in Frameworks */,
				8E00AAC918182E9700BB32E4 /* CoreGraphics.framework in Frameworks */,
				7F4B93CA19E8CA780047BE25 /* ParseFacebookUtils.framework in Frameworks */,
				7F4B93C819E8CA410047BE25 /* Parse.framework in Frameworks */,
				7F4B93C619E8C9F60047BE25 /* libGoogleAnalyticsServices.a in Frameworks */,
				771BCD8418219AAF000264A8 /* AudioToolbox.framework in Frameworks */,
				8E00AACB18182E9700BB32E4 /* UIKit.framework in Frameworks */,
				8E00AAC718182E9700BB32E4 /* Foundation.framework in Frameworks */,
				4B1DA16A979D42309120B901 /* libPods-Guilt.a in Frameworks */,
			);
			runOnlyForDeploymentPostprocessing = 0;
		};
		8E00AAE118182E9700BB32E4 /* Frameworks */ = {
			isa = PBXFrameworksBuildPhase;
			buildActionMask = 2147483647;
			files = (
				8E00AAE818182E9700BB32E4 /* UIKit.framework in Frameworks */,
				8E00AAE718182E9700BB32E4 /* Foundation.framework in Frameworks */,
			);
			runOnlyForDeploymentPostprocessing = 0;
		};
/* End PBXFrameworksBuildPhase section */

/* Begin PBXGroup section */
		7F699BEC19AAD1570016526B /* SocialMediaMessages */ = {
			isa = PBXGroup;
			children = (
				7F699BE919AAD14D0016526B /* CustimizeMessageForEmail2.h */,
				7F699BEA19AAD14D0016526B /* CustimizeMessageForEmail2.m */,
			);
			name = SocialMediaMessages;
			sourceTree = "<group>";
		};
		8E00AABA18182E9700BB32E4 = {
			isa = PBXGroup;
			children = (
				8E00AACC18182E9700BB32E4 /* Guilt */,
				8E00AAEB18182E9700BB32E4 /* GuiltTests */,
				8E00AAC518182E9700BB32E4 /* Frameworks */,
				8E00AAC418182E9700BB32E4 /* Products */,
				EC7255DFA74C4B69BA2699AD /* Pods-Guilt.xcconfig */,
			);
			sourceTree = "<group>";
		};
		8E00AAC418182E9700BB32E4 /* Products */ = {
			isa = PBXGroup;
			children = (
				8E00AAC318182E9700BB32E4 /* Guilt.app */,
				8E00AAE418182E9700BB32E4 /* GuiltTests.xctest */,
			);
			name = Products;
			sourceTree = "<group>";
		};
		8E00AAC518182E9700BB32E4 /* Frameworks */ = {
			isa = PBXGroup;
			children = (
				7F4B93C919E8CA780047BE25 /* ParseFacebookUtils.framework */,
				7F4B93C719E8CA410047BE25 /* Parse.framework */,
				7F4B93C519E8C9F60047BE25 /* libGoogleAnalyticsServices.a */,
				8E034B7F194DD7C8006D8DD6 /* libz.dylib */,
				8E034B7D194DD7B4006D8DD6 /* CoreData.framework */,
				8E31BE90191E95A600EB9032 /* AdSupport.framework */,
				8E31BE8E191E959C00EB9032 /* Accounts.framework */,
				8E31BE8C191E958E00EB9032 /* libsqlite3.dylib */,
				8E31BE8A191E957500EB9032 /* Social.framework */,
				771BCD9118219B24000264A8 /* SystemConfiguration.framework */,
				771BCD8F18219B15000264A8 /* StoreKit.framework */,
				771BCD8D18219B0C000264A8 /* Security.framework */,
				771BCD8B18219B01000264A8 /* QuartzCore.framework */,
				771BCD8918219AF3000264A8 /* MobileCoreServices.framework */,
				771BCD8718219AE9000264A8 /* libz.1.1.3.dylib */,
				771BCD8518219ACF000264A8 /* CoreLocation.framework */,
				771BCD8318219AAF000264A8 /* AudioToolbox.framework */,
				8E00AAC618182E9700BB32E4 /* Foundation.framework */,
				8E00AAC818182E9700BB32E4 /* CoreGraphics.framework */,
				8E00AACA18182E9700BB32E4 /* UIKit.framework */,
				3D97B0EE65234E1088C40AF9 /* libPods-Guilt.a */,
			);
			name = Frameworks;
			sourceTree = "<group>";
		};
		8E00AACC18182E9700BB32E4 /* Guilt */ = {
			isa = PBXGroup;
			children = (
				8EB6F6BD191FADE6004F70C5 /* 3rd-Party Twitter Login Stuff */,
				8E00AAD518182E9700BB32E4 /* AppDelegate.h */,
				8E00AAD618182E9700BB32E4 /* AppDelegate.m */,
				8E00AAD818182E9700BB32E4 /* Main.storyboard */,
				8EB6F6B6191FAB5A004F70C5 /* Networking */,
				8E29F29F18D4C4F9007AFA4C /* Model */,
				8E69AB4B183FF499000A4B4D /* Controllers */,
				8EB17C1A1824727D000DDFCC /* Views */,
				8E00AADE18182E9700BB32E4 /* Images.xcassets */,
				8E00AACD18182E9700BB32E4 /* Supporting Files */,
				8EB6F6B7191FAC9A004F70C5 /* Constants.h */,
				8EB6F6B8191FAC9A004F70C5 /* Constants.m */,
				7FA3C29D19F5C42C00A5FEA8 /* GoogleAnalytics.h */,
				7FA3C29E19F5C42C00A5FEA8 /* GoogleAnalytics.m */,
			);
			path = Guilt;
			sourceTree = "<group>";
		};
		8E00AACD18182E9700BB32E4 /* Supporting Files */ = {
			isa = PBXGroup;
			children = (
				8E034B74194DD76C006D8DD6 /* Library */,
				8EB6F6DD191FD53D004F70C5 /* FBSignInButton.png */,
				8EB6F6DB191FD532004F70C5 /* TWSignInButton.png */,
				8E77A8B118F091B5001470DD /* dollarSign.jpg */,
				7727AD85182BF356006D01DD /* ic_profile_white@2x.png */,
				7727AD86182BF356006D01DD /* ic_profile_white.png */,
				7727AD87182BF356006D01DD /* ic_profile_black@2x.png */,
				7727AD88182BF356006D01DD /* ic_profile_black.png */,
				8E05BC70182B085C0005BF34 /* Quicksand-Bold.otf */,
				8E05BC6C182AEEA50005BF34 /* QuicksandRegular.otf */,
				8E05BC54182AB7F20005BF34 /* KarmaScan_logoFJ */,
				8E959713182973A400AE29DB /* donate.png */,
				8E00AACE18182E9700BB32E4 /* Guilt-Info.plist */,
				8E00AACF18182E9700BB32E4 /* InfoPlist.strings */,
				8E00AAD218182E9700BB32E4 /* main.m */,
				8E00AAD418182E9700BB32E4 /* Guilt-Prefix.pch */,
			);
			name = "Supporting Files";
			sourceTree = "<group>";
		};
		8E00AAEB18182E9700BB32E4 /* GuiltTests */ = {
			isa = PBXGroup;
			children = (
				8E00AAF118182E9700BB32E4 /* GuiltTests.m */,
				8E00AAEC18182E9700BB32E4 /* Supporting Files */,
			);
			path = GuiltTests;
			sourceTree = "<group>";
		};
		8E00AAEC18182E9700BB32E4 /* Supporting Files */ = {
			isa = PBXGroup;
			children = (
				8E00AAED18182E9700BB32E4 /* GuiltTests-Info.plist */,
				8E00AAEE18182E9700BB32E4 /* InfoPlist.strings */,
			);
			name = "Supporting Files";
			sourceTree = "<group>";
		};
		8E034B74194DD76C006D8DD6 /* Library */ = {
			isa = PBXGroup;
			children = (
				8E034B75194DD76C006D8DD6 /* GAI.h */,
				8E034B76194DD76C006D8DD6 /* GAIDictionaryBuilder.h */,
				8E034B77194DD76C006D8DD6 /* GAIFields.h */,
				8E034B78194DD76C006D8DD6 /* GAILogger.h */,
				8E034B79194DD76C006D8DD6 /* GAITrackedViewController.h */,
				8E034B7A194DD76C006D8DD6 /* GAITracker.h */,
			);
			path = Library;
			sourceTree = "<group>";
		};
		8E05BC54182AB7F20005BF34 /* KarmaScan_logoFJ */ = {
			isa = PBXGroup;
			children = (
				E00CB84C182B28F000A497C3 /* TestHeader.xib */,
				E00CB851182B291400A497C3 /* KarnaScan_Background.png */,
				E00CB85F182B400F00A497C3 /* karmaScan1.png */,
				E00CB861182B412C00A497C3 /* CheckMarkWhite.png */,
				E00CB85D182B400400A497C3 /* donation.png */,
				8E05BC72182B2F6E0005BF34 /* KarnaScan_NavBar.png */,
				8E05BC6E182B01200005BF34 /* awesomeBarcode.png */,
				8E05BC6A182AE43B0005BF34 /* barcode.png */,
				8E05BC65182AE1E80005BF34 /* KarnaScan_Background_i4.png */,
				8E05BC59182AB7F20005BF34 /* KarmaScan logo-FJ.png */,
			);
			path = KarmaScan_logoFJ;
			sourceTree = "<group>";
		};
		8E29F29F18D4C4F9007AFA4C /* Model */ = {
			isa = PBXGroup;
			children = (
				7FC797DD19DCBB5A0093ED54 /* ImageSaver.h */,
				7FC797DE19DCBB5A0093ED54 /* ImageSaver.m */,
				8EB6F6DF19218F65004F70C5 /* CharityImage.h */,
				8EB6F6E019218F65004F70C5 /* CharityImage.m */,
				7FC797D419DB6D210093ED54 /* Model.xcdatamodeld */,
				7FC797DA19DB6FD60093ED54 /* ArchiveImage.h */,
				7FC797DB19DB6FD60093ED54 /* ArchiveImage.m */,
				7FC797D719DB6FD50093ED54 /* DonationHistory.h */,
				7FC797D819DB6FD50093ED54 /* DonationHistory.m */,
			);
			name = Model;
			sourceTree = "<group>";
		};
		8E69AB4B183FF499000A4B4D /* Controllers */ = {
			isa = PBXGroup;
			children = (
				8E31BE87191C44B900EB9032 /* ShareImageViewController.h */,
				8E31BE88191C44B900EB9032 /* ShareImageViewController.m */,
				8E9596E11829554E00AE29DB /* Login:Signup */,
				8E3FA46918CBB3FA009E2A66 /* BaseViewController.h */,
				8E3FA46A18CBB3FA009E2A66 /* BaseViewController.m */,
				8E3FA46618CB8329009E2A66 /* WelcomeViewController.h */,
				8E3FA46718CB8329009E2A66 /* WelcomeViewController.m */,
				8EAE7B71182006A7001BDC08 /* ConversionViewController.h */,
				8EAE7B72182006A7001BDC08 /* ConversionViewController.m */,
				7F36979D19AAE2E200BDC2A3 /* AddCharityViewController.h */,
				7F36979E19AAE2E200BDC2A3 /* AddCharityViewController.m */,
				8EB17BF718201F00000DDFCC /* ImagesViewController.h */,
				8EB17BF818201F00000DDFCC /* ImagesViewController.m */,
				771BCD7F182023DD000264A8 /* ScannerViewController.m */,
				771BCD7E182023DD000264A8 /* ScannerViewController.h */,
				8EB17C171822E162000DDFCC /* ScannerDidNotWorkDelegate.h */,
				772B828C1829683300128190 /* UserProfileViewController.h */,
				772B828D1829683300128190 /* UserProfileViewController.m */,
				8E034B6B194A639A006D8DD6 /* ArchiveTableViewController.h */,
				8E034B6C194A639A006D8DD6 /* ArchiveTableViewController.m */,
				7F699BEC19AAD1570016526B /* SocialMediaMessages */,
				8E034B71194C9412006D8DD6 /* ModalArchiveViewController.h */,
				8E034B72194C9412006D8DD6 /* ModalArchiveViewController.m */,
			);
			path = Controllers;
			sourceTree = "<group>";
		};
		8E9596E11829554E00AE29DB /* Login:Signup */ = {
			isa = PBXGroup;
			children = (
				E00CB863182B4FD100A497C3 /* SwitchToLoginDelegate.h */,
				E00CB85A182B318000A497C3 /* MyLoginViewController.h */,
				E00CB85B182B318A00A497C3 /* MyLoginViewController.m */,
				E00CB857182B316800A497C3 /* KarmaSignupViewController.h */,
				E00CB858182B316F00A497C3 /* KarmaSignupViewController.m */,
			);
			name = "Login:Signup";
			path = "../Login:Signup";
			sourceTree = "<group>";
		};
		8EB17C1A1824727D000DDFCC /* Views */ = {
			isa = PBXGroup;
			children = (
				8EB17C1118217A85000DDFCC /* CharityAndProductDisplayCell.h */,
				8EB17C1218217A85000DDFCC /* CharityAndProductDisplayCell.m */,
				8E77A87A18EA5608001470DD /* UserHistoryCell.h */,
				8E77A87B18EA5608001470DD /* UserHistoryCell.m */,
				8E034B6E194A67CE006D8DD6 /* ArchiveTableViewCell.h */,
				8E034B6F194A67CE006D8DD6 /* ArchiveTableViewCell.m */,
			);
			path = Views;
			sourceTree = "<group>";
		};
		8EB6F6B6191FAB5A004F70C5 /* Networking */ = {
			isa = PBXGroup;
			children = (
				7F05B6A019C1030A00C5EE16 /* InitialParseNetworking.h */,
				7F05B6A119C1030A00C5EE16 /* InitialParseNetworking.m */,
				8EB6F6E219218F8E004F70C5 /* FlickrNetworkManager.h */,
				8EB6F6E319218F8E004F70C5 /* FlickrNetworkManager.m */,
				8EB6F6BA191FAD7F004F70C5 /* TwitterClient.h */,
				8EB6F6BB191FAD7F004F70C5 /* TwitterClient.m */,
				8E31BE92191E9D0300EB9032 /* Comms.h */,
				8E31BE93191E9D0300EB9032 /* Comms.m */,
			);
			name = Networking;
			path = "Login:Signup";
			sourceTree = "<group>";
		};
		8EB6F6BD191FADE6004F70C5 /* 3rd-Party Twitter Login Stuff */ = {
			isa = PBXGroup;
			children = (
				8EB6F6D0191FAE3C004F70C5 /* TWAPIManager.h */,
				8EB6F6D1191FAE3C004F70C5 /* TWAPIManager.m */,
				8EB6F6D2191FAE3C004F70C5 /* TWSignedRequest.h */,
				8EB6F6D3191FAE3C004F70C5 /* TWSignedRequest.m */,
				8EB6F6C7191FAE2F004F70C5 /* NSData+Base64.h */,
				8EB6F6C8191FAE2F004F70C5 /* NSData+Base64.m */,
				8EB6F6C9191FAE2F004F70C5 /* OAuth+Additions.h */,
				8EB6F6CA191FAE2F004F70C5 /* OAuth+Additions.m */,
				8EB6F6CB191FAE2F004F70C5 /* OAuthCore.h */,
				8EB6F6CC191FAE2F004F70C5 /* OAuthCore.m */,
				8EB6F6C4191FAE1F004F70C5 /* PFTwitterUtils+NativeTwitter.h */,
				8EB6F6C5191FAE1F004F70C5 /* PFTwitterUtils+NativeTwitter.m */,
				8EB6F6BE191FAE0D004F70C5 /* FHSTwitterEngine.h */,
				8EB6F6BF191FAE0D004F70C5 /* FHSTwitterEngine.m */,
				8EB6F6C0191FAE0D004F70C5 /* FHSStream.h */,
				8EB6F6C1191FAE0D004F70C5 /* FHSStream.m */,
			);
			name = "3rd-Party Twitter Login Stuff";
			sourceTree = "<group>";
		};
/* End PBXGroup section */

/* Begin PBXNativeTarget section */
		8E00AAC218182E9700BB32E4 /* Guilt */ = {
			isa = PBXNativeTarget;
			buildConfigurationList = 8E00AAF518182E9700BB32E4 /* Build configuration list for PBXNativeTarget "Guilt" */;
			buildPhases = (
				BF0C746F08EF4EB385CAC4E5 /* Check Pods Manifest.lock */,
				8E00AABF18182E9700BB32E4 /* Sources */,
				8E00AAC018182E9700BB32E4 /* Frameworks */,
				8E00AAC118182E9700BB32E4 /* Resources */,
				7FA41E238207452F99F27281 /* Copy Pods Resources */,
			);
			buildRules = (
			);
			dependencies = (
			);
			name = Guilt;
			productName = Guilt;
			productReference = 8E00AAC318182E9700BB32E4 /* Guilt.app */;
			productType = "com.apple.product-type.application";
		};
		8E00AAE318182E9700BB32E4 /* GuiltTests */ = {
			isa = PBXNativeTarget;
			buildConfigurationList = 8E00AAF818182E9700BB32E4 /* Build configuration list for PBXNativeTarget "GuiltTests" */;
			buildPhases = (
				8E00AAE018182E9700BB32E4 /* Sources */,
				8E00AAE118182E9700BB32E4 /* Frameworks */,
				8E00AAE218182E9700BB32E4 /* Resources */,
			);
			buildRules = (
			);
			dependencies = (
				8E00AAEA18182E9700BB32E4 /* PBXTargetDependency */,
			);
			name = GuiltTests;
			productName = GuiltTests;
			productReference = 8E00AAE418182E9700BB32E4 /* GuiltTests.xctest */;
			productType = "com.apple.product-type.bundle.unit-test";
		};
/* End PBXNativeTarget section */

/* Begin PBXProject section */
		8E00AABB18182E9700BB32E4 /* Project object */ = {
			isa = PBXProject;
			attributes = {
				LastUpgradeCheck = 0500;
				ORGANIZATIONNAME = "John Andrews";
				TargetAttributes = {
					8E00AAC218182E9700BB32E4 = {
						DevelopmentTeam = 835L8YFNV4;
					};
					8E00AAE318182E9700BB32E4 = {
						TestTargetID = 8E00AAC218182E9700BB32E4;
					};
				};
			};
			buildConfigurationList = 8E00AABE18182E9700BB32E4 /* Build configuration list for PBXProject "Guilt" */;
			compatibilityVersion = "Xcode 3.2";
			developmentRegion = English;
			hasScannedForEncodings = 0;
			knownRegions = (
				en,
				Base,
			);
			mainGroup = 8E00AABA18182E9700BB32E4;
			productRefGroup = 8E00AAC418182E9700BB32E4 /* Products */;
			projectDirPath = "";
			projectRoot = "";
			targets = (
				8E00AAC218182E9700BB32E4 /* Guilt */,
				8E00AAE318182E9700BB32E4 /* GuiltTests */,
			);
		};
/* End PBXProject section */

/* Begin PBXResourcesBuildPhase section */
		8E00AAC118182E9700BB32E4 /* Resources */ = {
			isa = PBXResourcesBuildPhase;
			buildActionMask = 2147483647;
			files = (
				8EB6F6DE191FD53D004F70C5 /* FBSignInButton.png in Resources */,
				7727AD89182BF356006D01DD /* ic_profile_white@2x.png in Resources */,
				7727AD8A182BF356006D01DD /* ic_profile_white.png in Resources */,
				8E05BC71182B08990005BF34 /* Quicksand-Bold.otf in Resources */,
				8E05BC73182B2F6E0005BF34 /* KarnaScan_NavBar.png in Resources */,
				8EB6F6DC191FD532004F70C5 /* TWSignInButton.png in Resources */,
				8E00AADF18182E9700BB32E4 /* Images.xcassets in Resources */,
				8E77A8B218F091B5001470DD /* dollarSign.jpg in Resources */,
				8E05BC6B182AE43B0005BF34 /* barcode.png in Resources */,
				E00CB860182B400F00A497C3 /* karmaScan1.png in Resources */,
				E00CB84D182B28F000A497C3 /* TestHeader.xib in Resources */,
				E00CB85E182B400400A497C3 /* donation.png in Resources */,
				8E05BC6D182AF20A0005BF34 /* QuicksandRegular.otf in Resources */,
				8E05BC60182AB7F20005BF34 /* KarmaScan logo-FJ.png in Resources */,
				8E00AAD118182E9700BB32E4 /* InfoPlist.strings in Resources */,
				E00CB852182B291400A497C3 /* KarnaScan_Background.png in Resources */,
				8E05BC68182AE1E80005BF34 /* KarnaScan_Background_i4.png in Resources */,
				8E00AADA18182E9700BB32E4 /* Main.storyboard in Resources */,
			);
			runOnlyForDeploymentPostprocessing = 0;
		};
		8E00AAE218182E9700BB32E4 /* Resources */ = {
			isa = PBXResourcesBuildPhase;
			buildActionMask = 2147483647;
			files = (
				8E00AAF018182E9700BB32E4 /* InfoPlist.strings in Resources */,
			);
			runOnlyForDeploymentPostprocessing = 0;
		};
/* End PBXResourcesBuildPhase section */

/* Begin PBXShellScriptBuildPhase section */
		7FA41E238207452F99F27281 /* Copy Pods Resources */ = {
			isa = PBXShellScriptBuildPhase;
			buildActionMask = 2147483647;
			files = (
			);
			inputPaths = (
			);
			name = "Copy Pods Resources";
			outputPaths = (
			);
			runOnlyForDeploymentPostprocessing = 0;
			shellPath = /bin/sh;
			shellScript = "\"${SRCROOT}/Pods/Pods-Guilt-resources.sh\"\n";
			showEnvVarsInLog = 0;
		};
		BF0C746F08EF4EB385CAC4E5 /* Check Pods Manifest.lock */ = {
			isa = PBXShellScriptBuildPhase;
			buildActionMask = 2147483647;
			files = (
			);
			inputPaths = (
			);
			name = "Check Pods Manifest.lock";
			outputPaths = (
			);
			runOnlyForDeploymentPostprocessing = 0;
			shellPath = /bin/sh;
			shellScript = "diff \"${PODS_ROOT}/../Podfile.lock\" \"${PODS_ROOT}/Manifest.lock\" > /dev/null\nif [[ $? != 0 ]] ; then\n    cat << EOM\nerror: The sandbox is not in sync with the Podfile.lock. Run 'pod install' or update your CocoaPods installation.\nEOM\n    exit 1\nfi\n";
			showEnvVarsInLog = 0;
		};
/* End PBXShellScriptBuildPhase section */

/* Begin PBXSourcesBuildPhase section */
		8E00AABF18182E9700BB32E4 /* Sources */ = {
			isa = PBXSourcesBuildPhase;
			buildActionMask = 2147483647;
			files = (
				8EB6F6CF191FAE2F004F70C5 /* OAuthCore.m in Sources */,
				E00CB85C182B318A00A497C3 /* MyLoginViewController.m in Sources */,
				7F05B6A219C1030A00C5EE16 /* InitialParseNetworking.m in Sources */,
				8E31BE94191E9D0300EB9032 /* Comms.m in Sources */,
				8E00AAD718182E9700BB32E4 /* AppDelegate.m in Sources */,
				8EB6F6CD191FAE2F004F70C5 /* NSData+Base64.m in Sources */,
				8EAE7B73182006A7001BDC08 /* ConversionViewController.m in Sources */,
				7FA3C29F19F5C42C00A5FEA8 /* GoogleAnalytics.m in Sources */,
				8EB6F6D5191FAE3C004F70C5 /* TWSignedRequest.m in Sources */,
				8E034B73194C9412006D8DD6 /* ModalArchiveViewController.m in Sources */,
				7FC797DF19DCBB5A0093ED54 /* ImageSaver.m in Sources */,
				7F699BEB19AAD14D0016526B /* CustimizeMessageForEmail2.m in Sources */,
				8E3FA46818CB8329009E2A66 /* WelcomeViewController.m in Sources */,
				8E034B6D194A639A006D8DD6 /* ArchiveTableViewController.m in Sources */,
				8EB6F6E419218F8E004F70C5 /* FlickrNetworkManager.m in Sources */,
				8E77A87C18EA5608001470DD /* UserHistoryCell.m in Sources */,
				7FC797D919DB6FD50093ED54 /* DonationHistory.m in Sources */,
				8EB6F6E119218F65004F70C5 /* CharityImage.m in Sources */,
				8EB6F6C3191FAE0D004F70C5 /* FHSStream.m in Sources */,
				8E3FA46B18CBB3FA009E2A66 /* BaseViewController.m in Sources */,
				7FC797D619DB6D210093ED54 /* Model.xcdatamodeld in Sources */,
				8EB6F6C6191FAE1F004F70C5 /* PFTwitterUtils+NativeTwitter.m in Sources */,
				8EB6F6B9191FAC9A004F70C5 /* Constants.m in Sources */,
				E00CB859182B316F00A497C3 /* KarmaSignupViewController.m in Sources */,
				8EB6F6C2191FAE0D004F70C5 /* FHSTwitterEngine.m in Sources */,
				7FC797DC19DB6FD60093ED54 /* ArchiveImage.m in Sources */,
				8EB6F6BC191FAD7F004F70C5 /* TwitterClient.m in Sources */,
				8EB17BF918201F00000DDFCC /* ImagesViewController.m in Sources */,
				8E034B70194A67CE006D8DD6 /* ArchiveTableViewCell.m in Sources */,
				8E00AAD318182E9700BB32E4 /* main.m in Sources */,
				8E31BE89191C44B900EB9032 /* ShareImageViewController.m in Sources */,
				7F36979F19AAE2E200BDC2A3 /* AddCharityViewController.m in Sources */,
				8EB6F6D4191FAE3C004F70C5 /* TWAPIManager.m in Sources */,
				772B828E1829683300128190 /* UserProfileViewController.m in Sources */,
				771BCD951822D48E000264A8 /* (null) in Sources */,
				8EB6F6CE191FAE2F004F70C5 /* OAuth+Additions.m in Sources */,
				771BCD80182023DD000264A8 /* ScannerViewController.m in Sources */,
				8EB17C1318217A85000DDFCC /* CharityAndProductDisplayCell.m in Sources */,
			);
			runOnlyForDeploymentPostprocessing = 0;
		};
		8E00AAE018182E9700BB32E4 /* Sources */ = {
			isa = PBXSourcesBuildPhase;
			buildActionMask = 2147483647;
			files = (
				8E00AAF218182E9700BB32E4 /* GuiltTests.m in Sources */,
			);
			runOnlyForDeploymentPostprocessing = 0;
		};
/* End PBXSourcesBuildPhase section */

/* Begin PBXTargetDependency section */
		8E00AAEA18182E9700BB32E4 /* PBXTargetDependency */ = {
			isa = PBXTargetDependency;
			target = 8E00AAC218182E9700BB32E4 /* Guilt */;
			targetProxy = 8E00AAE918182E9700BB32E4 /* PBXContainerItemProxy */;
		};
/* End PBXTargetDependency section */

/* Begin PBXVariantGroup section */
		8E00AACF18182E9700BB32E4 /* InfoPlist.strings */ = {
			isa = PBXVariantGroup;
			children = (
				8E00AAD018182E9700BB32E4 /* en */,
			);
			name = InfoPlist.strings;
			sourceTree = "<group>";
		};
		8E00AAD818182E9700BB32E4 /* Main.storyboard */ = {
			isa = PBXVariantGroup;
			children = (
				8E00AAD918182E9700BB32E4 /* Base */,
			);
			name = Main.storyboard;
			sourceTree = "<group>";
		};
		8E00AAEE18182E9700BB32E4 /* InfoPlist.strings */ = {
			isa = PBXVariantGroup;
			children = (
				8E00AAEF18182E9700BB32E4 /* en */,
			);
			name = InfoPlist.strings;
			sourceTree = "<group>";
		};
/* End PBXVariantGroup section */

/* Begin XCBuildConfiguration section */
		7FAA92791981F1DD00C4D723 /* Distribution */ = {
			isa = XCBuildConfiguration;
			buildSettings = {
				ALWAYS_SEARCH_USER_PATHS = NO;
				ARCHS = "$(ARCHS_STANDARD_INCLUDING_64_BIT)";
				CLANG_CXX_LANGUAGE_STANDARD = "gnu++0x";
				CLANG_CXX_LIBRARY = "libc++";
				CLANG_ENABLE_MODULES = YES;
				CLANG_ENABLE_OBJC_ARC = YES;
				CLANG_WARN_BOOL_CONVERSION = YES;
				CLANG_WARN_CONSTANT_CONVERSION = YES;
				CLANG_WARN_DIRECT_OBJC_ISA_USAGE = YES_ERROR;
				CLANG_WARN_EMPTY_BODY = YES;
				CLANG_WARN_ENUM_CONVERSION = YES;
				CLANG_WARN_INT_CONVERSION = YES;
				CLANG_WARN_OBJC_ROOT_CLASS = YES_ERROR;
				CLANG_WARN__DUPLICATE_METHOD_MATCH = YES;
				CODE_SIGN_IDENTITY = "iPhone Developer: John Andrews (8Q5FPD993U)";
				"CODE_SIGN_IDENTITY[sdk=iphoneos*]" = "iPhone Distribution: Soothsayer Labs, Inc. (835L8YFNV4)";
				COPY_PHASE_STRIP = YES;
				ENABLE_NS_ASSERTIONS = NO;
				GCC_C_LANGUAGE_STANDARD = gnu99;
				GCC_WARN_64_TO_32_BIT_CONVERSION = YES;
				GCC_WARN_ABOUT_RETURN_TYPE = YES_ERROR;
				GCC_WARN_UNDECLARED_SELECTOR = YES;
				GCC_WARN_UNINITIALIZED_AUTOS = YES;
				GCC_WARN_UNUSED_FUNCTION = YES;
				GCC_WARN_UNUSED_VARIABLE = YES;
				IPHONEOS_DEPLOYMENT_TARGET = 7.0;
				PROVISIONING_PROFILE = "ac2d1ee0-8ffe-4e3f-b5a9-c6e712746bb1";
				SDKROOT = iphoneos;
				VALIDATE_PRODUCT = YES;
			};
			name = Distribution;
		};
		7FAA927A1981F1DD00C4D723 /* Distribution */ = {
			isa = XCBuildConfiguration;
			baseConfigurationReference = EC7255DFA74C4B69BA2699AD /* Pods-Guilt.xcconfig */;
			buildSettings = {
				ASSETCATALOG_COMPILER_APPICON_NAME = AppIcon;
				ASSETCATALOG_COMPILER_LAUNCHIMAGE_NAME = splashScreen;
				CODE_SIGN_IDENTITY = "iPhone Distribution: Soothsayer Labs, Inc. (835L8YFNV4)";
				"CODE_SIGN_IDENTITY[sdk=iphoneos*]" = "iPhone Distribution: Soothsayer Labs, Inc. (835L8YFNV4)";
				FRAMEWORK_SEARCH_PATHS = "$(PROJECT_DIR)";
				GCC_PRECOMPILE_PREFIX_HEADER = YES;
				GCC_PREFIX_HEADER = "Guilt/Guilt-Prefix.pch";
				INFOPLIST_FILE = "Guilt/Guilt-Info.plist";
				LIBRARY_SEARCH_PATHS = (
					"$(SRCROOT)/",
					"$(PROJECT_DIR)",
				);
				PRODUCT_NAME = "$(TARGET_NAME)";
				PROVISIONING_PROFILE = "ac2d1ee0-8ffe-4e3f-b5a9-c6e712746bb1";
				WRAPPER_EXTENSION = app;
			};
			name = Distribution;
		};
		7FAA927B1981F1DD00C4D723 /* Distribution */ = {
			isa = XCBuildConfiguration;
			buildSettings = {
				ARCHS = "$(ARCHS_STANDARD_INCLUDING_64_BIT)";
				BUNDLE_LOADER = "$(BUILT_PRODUCTS_DIR)/Guilt.app/Guilt";
				FRAMEWORK_SEARCH_PATHS = (
					"$(SDKROOT)/Developer/Library/Frameworks",
					"$(inherited)",
					"$(DEVELOPER_FRAMEWORKS_DIR)",
				);
				GCC_PRECOMPILE_PREFIX_HEADER = YES;
				GCC_PREFIX_HEADER = "Guilt/Guilt-Prefix.pch";
				INFOPLIST_FILE = "GuiltTests/GuiltTests-Info.plist";
				PRODUCT_NAME = "$(TARGET_NAME)";
				TEST_HOST = "$(BUNDLE_LOADER)";
				WRAPPER_EXTENSION = xctest;
			};
			name = Distribution;
		};
		8E00AAF318182E9700BB32E4 /* Debug */ = {
			isa = XCBuildConfiguration;
			buildSettings = {
				ALWAYS_SEARCH_USER_PATHS = NO;
				ARCHS = "$(ARCHS_STANDARD_INCLUDING_64_BIT)";
				CLANG_CXX_LANGUAGE_STANDARD = "gnu++0x";
				CLANG_CXX_LIBRARY = "libc++";
				CLANG_ENABLE_MODULES = YES;
				CLANG_ENABLE_OBJC_ARC = YES;
				CLANG_WARN_BOOL_CONVERSION = YES;
				CLANG_WARN_CONSTANT_CONVERSION = YES;
				CLANG_WARN_DIRECT_OBJC_ISA_USAGE = YES_ERROR;
				CLANG_WARN_EMPTY_BODY = YES;
				CLANG_WARN_ENUM_CONVERSION = YES;
				CLANG_WARN_INT_CONVERSION = YES;
				CLANG_WARN_OBJC_ROOT_CLASS = YES_ERROR;
				CLANG_WARN__DUPLICATE_METHOD_MATCH = YES;
				CODE_SIGN_IDENTITY = "iPhone Developer: John Andrews (8Q5FPD993U)";
				"CODE_SIGN_IDENTITY[sdk=iphoneos*]" = "iPhone Distribution: Soothsayer Labs, Inc. (835L8YFNV4)";
				COPY_PHASE_STRIP = NO;
				GCC_C_LANGUAGE_STANDARD = gnu99;
				GCC_DYNAMIC_NO_PIC = NO;
				GCC_OPTIMIZATION_LEVEL = 0;
				GCC_PREPROCESSOR_DEFINITIONS = (
					"DEBUG=1",
					"$(inherited)",
				);
				GCC_SYMBOLS_PRIVATE_EXTERN = NO;
				GCC_WARN_64_TO_32_BIT_CONVERSION = YES;
				GCC_WARN_ABOUT_RETURN_TYPE = YES_ERROR;
				GCC_WARN_UNDECLARED_SELECTOR = YES;
				GCC_WARN_UNINITIALIZED_AUTOS = YES;
				GCC_WARN_UNUSED_FUNCTION = YES;
				GCC_WARN_UNUSED_VARIABLE = YES;
				IPHONEOS_DEPLOYMENT_TARGET = 7.0;
				ONLY_ACTIVE_ARCH = YES;
				PROVISIONING_PROFILE = "ac2d1ee0-8ffe-4e3f-b5a9-c6e712746bb1";
				SDKROOT = iphoneos;
			};
			name = Debug;
		};
		8E00AAF418182E9700BB32E4 /* Release */ = {
			isa = XCBuildConfiguration;
			buildSettings = {
				ALWAYS_SEARCH_USER_PATHS = NO;
				ARCHS = "$(ARCHS_STANDARD_INCLUDING_64_BIT)";
				CLANG_CXX_LANGUAGE_STANDARD = "gnu++0x";
				CLANG_CXX_LIBRARY = "libc++";
				CLANG_ENABLE_MODULES = YES;
				CLANG_ENABLE_OBJC_ARC = YES;
				CLANG_WARN_BOOL_CONVERSION = YES;
				CLANG_WARN_CONSTANT_CONVERSION = YES;
				CLANG_WARN_DIRECT_OBJC_ISA_USAGE = YES_ERROR;
				CLANG_WARN_EMPTY_BODY = YES;
				CLANG_WARN_ENUM_CONVERSION = YES;
				CLANG_WARN_INT_CONVERSION = YES;
				CLANG_WARN_OBJC_ROOT_CLASS = YES_ERROR;
				CLANG_WARN__DUPLICATE_METHOD_MATCH = YES;
				CODE_SIGN_IDENTITY = "iPhone Developer: John Andrews (8Q5FPD993U)";
				"CODE_SIGN_IDENTITY[sdk=iphoneos*]" = "iPhone Distribution: Soothsayer Labs, Inc. (835L8YFNV4)";
				COPY_PHASE_STRIP = YES;
				ENABLE_NS_ASSERTIONS = NO;
				GCC_C_LANGUAGE_STANDARD = gnu99;
				GCC_WARN_64_TO_32_BIT_CONVERSION = YES;
				GCC_WARN_ABOUT_RETURN_TYPE = YES_ERROR;
				GCC_WARN_UNDECLARED_SELECTOR = YES;
				GCC_WARN_UNINITIALIZED_AUTOS = YES;
				GCC_WARN_UNUSED_FUNCTION = YES;
				GCC_WARN_UNUSED_VARIABLE = YES;
				IPHONEOS_DEPLOYMENT_TARGET = 7.0;
				PROVISIONING_PROFILE = "ac2d1ee0-8ffe-4e3f-b5a9-c6e712746bb1";
				SDKROOT = iphoneos;
				VALIDATE_PRODUCT = YES;
			};
			name = Release;
		};
		8E00AAF618182E9700BB32E4 /* Debug */ = {
			isa = XCBuildConfiguration;
			baseConfigurationReference = EC7255DFA74C4B69BA2699AD /* Pods-Guilt.xcconfig */;
			buildSettings = {
				ASSETCATALOG_COMPILER_APPICON_NAME = AppIcon;
				ASSETCATALOG_COMPILER_LAUNCHIMAGE_NAME = splashScreen;
				CODE_SIGN_IDENTITY = "iPhone Distribution: Soothsayer Labs, Inc. (835L8YFNV4)";
				"CODE_SIGN_IDENTITY[sdk=iphoneos*]" = "iPhone Distribution: Soothsayer Labs, Inc. (835L8YFNV4)";
				FRAMEWORK_SEARCH_PATHS = "$(PROJECT_DIR)";
				GCC_PRECOMPILE_PREFIX_HEADER = YES;
				GCC_PREFIX_HEADER = "Guilt/Guilt-Prefix.pch";
				INFOPLIST_FILE = "Guilt/Guilt-Info.plist";
				LIBRARY_SEARCH_PATHS = (
					"$(SRCROOT)/",
					"$(PROJECT_DIR)",
				);
				PRODUCT_NAME = "$(TARGET_NAME)";
				PROVISIONING_PROFILE = "ac2d1ee0-8ffe-4e3f-b5a9-c6e712746bb1";
				WRAPPER_EXTENSION = app;
			};
			name = Debug;
		};
		8E00AAF718182E9700BB32E4 /* Release */ = {
			isa = XCBuildConfiguration;
			baseConfigurationReference = EC7255DFA74C4B69BA2699AD /* Pods-Guilt.xcconfig */;
			buildSettings = {
				ASSETCATALOG_COMPILER_APPICON_NAME = AppIcon;
				ASSETCATALOG_COMPILER_LAUNCHIMAGE_NAME = splashScreen;
				CODE_SIGN_IDENTITY = "iPhone Distribution: Soothsayer Labs, Inc. (835L8YFNV4)";
				"CODE_SIGN_IDENTITY[sdk=iphoneos*]" = "iPhone Distribution: Soothsayer Labs, Inc. (835L8YFNV4)";
				FRAMEWORK_SEARCH_PATHS = "$(PROJECT_DIR)";
				GCC_PRECOMPILE_PREFIX_HEADER = YES;
				GCC_PREFIX_HEADER = "Guilt/Guilt-Prefix.pch";
				INFOPLIST_FILE = "Guilt/Guilt-Info.plist";
				LIBRARY_SEARCH_PATHS = (
					"$(SRCROOT)/",
					"$(PROJECT_DIR)",
				);
				PRODUCT_NAME = "$(TARGET_NAME)";
				PROVISIONING_PROFILE = "ac2d1ee0-8ffe-4e3f-b5a9-c6e712746bb1";
				WRAPPER_EXTENSION = app;
			};
			name = Release;
		};
		8E00AAF918182E9700BB32E4 /* Debug */ = {
			isa = XCBuildConfiguration;
			buildSettings = {
				ARCHS = "$(ARCHS_STANDARD_INCLUDING_64_BIT)";
				BUNDLE_LOADER = "$(BUILT_PRODUCTS_DIR)/Guilt.app/Guilt";
				FRAMEWORK_SEARCH_PATHS = (
					"$(SDKROOT)/Developer/Library/Frameworks",
					"$(inherited)",
					"$(DEVELOPER_FRAMEWORKS_DIR)",
				);
				GCC_PRECOMPILE_PREFIX_HEADER = YES;
				GCC_PREFIX_HEADER = "Guilt/Guilt-Prefix.pch";
				GCC_PREPROCESSOR_DEFINITIONS = (
					"DEBUG=1",
					"$(inherited)",
				);
				INFOPLIST_FILE = "GuiltTests/GuiltTests-Info.plist";
				PRODUCT_NAME = "$(TARGET_NAME)";
				TEST_HOST = "$(BUNDLE_LOADER)";
				WRAPPER_EXTENSION = xctest;
			};
			name = Debug;
		};
		8E00AAFA18182E9700BB32E4 /* Release */ = {
			isa = XCBuildConfiguration;
			buildSettings = {
				ARCHS = "$(ARCHS_STANDARD_INCLUDING_64_BIT)";
				BUNDLE_LOADER = "$(BUILT_PRODUCTS_DIR)/Guilt.app/Guilt";
				FRAMEWORK_SEARCH_PATHS = (
					"$(SDKROOT)/Developer/Library/Frameworks",
					"$(inherited)",
					"$(DEVELOPER_FRAMEWORKS_DIR)",
				);
				GCC_PRECOMPILE_PREFIX_HEADER = YES;
				GCC_PREFIX_HEADER = "Guilt/Guilt-Prefix.pch";
				INFOPLIST_FILE = "GuiltTests/GuiltTests-Info.plist";
				PRODUCT_NAME = "$(TARGET_NAME)";
				TEST_HOST = "$(BUNDLE_LOADER)";
				WRAPPER_EXTENSION = xctest;
			};
			name = Release;
		};
/* End XCBuildConfiguration section */

/* Begin XCConfigurationList section */
		8E00AABE18182E9700BB32E4 /* Build configuration list for PBXProject "Guilt" */ = {
			isa = XCConfigurationList;
			buildConfigurations = (
				8E00AAF318182E9700BB32E4 /* Debug */,
				8E00AAF418182E9700BB32E4 /* Release */,
				7FAA92791981F1DD00C4D723 /* Distribution */,
			);
			defaultConfigurationIsVisible = 0;
			defaultConfigurationName = Release;
		};
		8E00AAF518182E9700BB32E4 /* Build configuration list for PBXNativeTarget "Guilt" */ = {
			isa = XCConfigurationList;
			buildConfigurations = (
				8E00AAF618182E9700BB32E4 /* Debug */,
				8E00AAF718182E9700BB32E4 /* Release */,
				7FAA927A1981F1DD00C4D723 /* Distribution */,
			);
			defaultConfigurationIsVisible = 0;
			defaultConfigurationName = Release;
		};
		8E00AAF818182E9700BB32E4 /* Build configuration list for PBXNativeTarget "GuiltTests" */ = {
			isa = XCConfigurationList;
			buildConfigurations = (
				8E00AAF918182E9700BB32E4 /* Debug */,
				8E00AAFA18182E9700BB32E4 /* Release */,
				7FAA927B1981F1DD00C4D723 /* Distribution */,
			);
			defaultConfigurationIsVisible = 0;
			defaultConfigurationName = Release;
		};
/* End XCConfigurationList section */

/* Begin XCVersionGroup section */
		7FC797D419DB6D210093ED54 /* Model.xcdatamodeld */ = {
			isa = XCVersionGroup;
			children = (
				7FC797D519DB6D210093ED54 /* Model.xcdatamodel */,
			);
			currentVersion = 7FC797D519DB6D210093ED54 /* Model.xcdatamodel */;
			path = Model.xcdatamodeld;
			sourceTree = "<group>";
			versionGroupType = wrapper.xcdatamodel;
		};
/* End XCVersionGroup section */
	};
	rootObject = 8E00AABB18182E9700BB32E4 /* Project object */;
}
